// !$*UTF8*$!
{
	archiveVersion = 1;
	classes = {
	};
	objectVersion = 46;
	objects = {

/* Begin PBXBuildFile section */
		CD1E0CAB18BA94A800439258 /* EVETypeName.m in Sources */ = {isa = PBXBuildFile; fileRef = CD1E0CAA18BA94A800439258 /* EVETypeName.m */; };
		CD1E0CAE18BA94B300439258 /* EVEType.m in Sources */ = {isa = PBXBuildFile; fileRef = CD1E0CAD18BA94B300439258 /* EVEType.m */; };
		CD1E0CB118BAA38B00439258 /* EVEReferenceTypes.m in Sources */ = {isa = PBXBuildFile; fileRef = CD1E0CB018BAA38B00439258 /* EVEReferenceTypes.m */; };
		CD1E0CB418BAA39A00439258 /* EVEReferenceType.m in Sources */ = {isa = PBXBuildFile; fileRef = CD1E0CB318BAA39900439258 /* EVEReferenceType.m */; };
		CD1E0CB718BAAF1700439258 /* EVEConquerableStation.m in Sources */ = {isa = PBXBuildFile; fileRef = CD1E0CB618BAAF1700439258 /* EVEConquerableStation.m */; };
		CD1E0CBA18BAAF6B00439258 /* EVEConquerableStationList.m in Sources */ = {isa = PBXBuildFile; fileRef = CD1E0CB918BAAF6B00439258 /* EVEConquerableStationList.m */; };
		CD1E0CBD18BAB2CA00439258 /* EVECharacterNameToId.m in Sources */ = {isa = PBXBuildFile; fileRef = CD1E0CBC18BAB2CA00439258 /* EVECharacterNameToId.m */; };
		CD1E0CC018BAC45300439258 /* EVECharacterInfo.m in Sources */ = {isa = PBXBuildFile; fileRef = CD1E0CBF18BAC45300439258 /* EVECharacterInfo.m */; };
		CD1E0CC518BAC46800439258 /* EVECharacterId.m in Sources */ = {isa = PBXBuildFile; fileRef = CD1E0CC218BAC46800439258 /* EVECharacterId.m */; };
		CD1E0CCB18BAC4D500439258 /* EVEBloodLine.m in Sources */ = {isa = PBXBuildFile; fileRef = CD1E0CC818BAC4D500439258 /* EVEBloodLine.m */; };
		CD1E0CCC18BAC4D500439258 /* EVERace.m in Sources */ = {isa = PBXBuildFile; fileRef = CD1E0CCA18BAC4D500439258 /* EVERace.m */; };
		CD1E0CCF18BAC52500439258 /* EVEWalletBalance.m in Sources */ = {isa = PBXBuildFile; fileRef = CD1E0CCE18BAC52500439258 /* EVEWalletBalance.m */; };
		CD1E0CD218BAC74600439258 /* EVECloneSkillPoints.m in Sources */ = {isa = PBXBuildFile; fileRef = CD1E0CD118BAC74600439258 /* EVECloneSkillPoints.m */; };
		CD1E0CD518BAC7D600439258 /* EVESkillInTraningEnds.m in Sources */ = {isa = PBXBuildFile; fileRef = CD1E0CD418BAC7D600439258 /* EVESkillInTraningEnds.m */; };
		CD1E0CDC18BAC7E900439258 /* EVEShipName.m in Sources */ = {isa = PBXBuildFile; fileRef = CD1E0CD718BAC7E900439258 /* EVEShipName.m */; };
		CD1E0CDD18BAC7E900439258 /* EVEShipTypeId.m in Sources */ = {isa = PBXBuildFile; fileRef = CD1E0CD918BAC7E900439258 /* EVEShipTypeId.m */; };
		CD1E0CDE18BAC7E900439258 /* EVEShipTypeName.m in Sources */ = {isa = PBXBuildFile; fileRef = CD1E0CDB18BAC7E900439258 /* EVEShipTypeName.m */; };
		CD1E0CE518BAC82C00439258 /* EVECorporationId.m in Sources */ = {isa = PBXBuildFile; fileRef = CD1E0CE018BAC82C00439258 /* EVECorporationId.m */; };
		CD1E0CE618BAC82C00439258 /* EVECorporationJoinDate.m in Sources */ = {isa = PBXBuildFile; fileRef = CD1E0CE218BAC82C00439258 /* EVECorporationJoinDate.m */; };
		CD1E0CE718BAC82C00439258 /* EVECorporationName.m in Sources */ = {isa = PBXBuildFile; fileRef = CD1E0CE418BAC82C00439258 /* EVECorporationName.m */; };
		CD1E0CEE18BAC87200439258 /* EVEAllianceId.m in Sources */ = {isa = PBXBuildFile; fileRef = CD1E0CE918BAC87200439258 /* EVEAllianceId.m */; };
		CD1E0CEF18BAC87200439258 /* EVEAllianceJoinDate.m in Sources */ = {isa = PBXBuildFile; fileRef = CD1E0CEB18BAC87200439258 /* EVEAllianceJoinDate.m */; };
		CD1E0CF018BAC87200439258 /* EVEAllianceName.m in Sources */ = {isa = PBXBuildFile; fileRef = CD1E0CED18BAC87200439258 /* EVEAllianceName.m */; };
		CD1E0CF718BAC8E800439258 /* EVEEmploymentHistoryRecord.m in Sources */ = {isa = PBXBuildFile; fileRef = CD1E0CF218BAC8E800439258 /* EVEEmploymentHistoryRecord.m */; };
		CD1E0CF818BAC8E800439258 /* EVELastKnownLocation.m in Sources */ = {isa = PBXBuildFile; fileRef = CD1E0CF418BAC8E800439258 /* EVELastKnownLocation.m */; };
		CD1E0CF918BAC8E800439258 /* EVESecurityStatus.m in Sources */ = {isa = PBXBuildFile; fileRef = CD1E0CF618BAC8E800439258 /* EVESecurityStatus.m */; };
		CD1E0CFC18BACA1900439258 /* EVECharacterName.m in Sources */ = {isa = PBXBuildFile; fileRef = CD1E0CFB18BACA1900439258 /* EVECharacterName.m */; };
		CD364A1818B90D3200B65FA1 /* EVEAccountStatus.m in Sources */ = {isa = PBXBuildFile; fileRef = CD364A1718B90D3200B65FA1 /* EVEAccountStatus.m */; };
		CD364A1D18B9105600B65FA1 /* EVEApi.m in Sources */ = {isa = PBXBuildFile; fileRef = CD364A1C18B9105600B65FA1 /* EVEApi.m */; };
		CD364A2618B9108500B65FA1 /* EVEAccountCreationDate.m in Sources */ = {isa = PBXBuildFile; fileRef = CD364A1F18B9108500B65FA1 /* EVEAccountCreationDate.m */; };
		CD364A2718B9108500B65FA1 /* EVEAccountExpirationDate.m in Sources */ = {isa = PBXBuildFile; fileRef = CD364A2118B9108500B65FA1 /* EVEAccountExpirationDate.m */; };
		CD364A2818B9108500B65FA1 /* EVEAccountLogonCount.m in Sources */ = {isa = PBXBuildFile; fileRef = CD364A2318B9108500B65FA1 /* EVEAccountLogonCount.m */; };
		CD364A2918B9108500B65FA1 /* EVEAccountTotalMinutesPlayed.m in Sources */ = {isa = PBXBuildFile; fileRef = CD364A2518B9108500B65FA1 /* EVEAccountTotalMinutesPlayed.m */; };
		CD65A2E118B9256400F43C13 /* EVEApiKeyInformation.m in Sources */ = {isa = PBXBuildFile; fileRef = CD65A2E018B9256400F43C13 /* EVEApiKeyInformation.m */; };
		CD65A2E418B9257C00F43C13 /* EVEApiKey.m in Sources */ = {isa = PBXBuildFile; fileRef = CD65A2E318B9257C00F43C13 /* EVEApiKey.m */; };
		CD6CE95E18B5C08300E66CC9 /* Cocoa.framework in Frameworks */ = {isa = PBXBuildFile; fileRef = CD6CE95D18B5C08300E66CC9 /* Cocoa.framework */; };
		CD6CE96818B5C08300E66CC9 /* InfoPlist.strings in Resources */ = {isa = PBXBuildFile; fileRef = CD6CE96618B5C08300E66CC9 /* InfoPlist.strings */; };
		CD6CE96A18B5C08300E66CC9 /* main.m in Sources */ = {isa = PBXBuildFile; fileRef = CD6CE96918B5C08300E66CC9 /* main.m */; };
		CD6CE96E18B5C08300E66CC9 /* Credits.rtf in Resources */ = {isa = PBXBuildFile; fileRef = CD6CE96C18B5C08300E66CC9 /* Credits.rtf */; };
		CD6CE97118B5C08300E66CC9 /* AppDelegate.m in Sources */ = {isa = PBXBuildFile; fileRef = CD6CE97018B5C08300E66CC9 /* AppDelegate.m */; };
		CD6CE97418B5C08300E66CC9 /* MainMenu.xib in Resources */ = {isa = PBXBuildFile; fileRef = CD6CE97218B5C08300E66CC9 /* MainMenu.xib */; };
		CD6CE97718B5C08300E66CC9 /* EVEApi_Beta.xcdatamodeld in Sources */ = {isa = PBXBuildFile; fileRef = CD6CE97518B5C08300E66CC9 /* EVEApi_Beta.xcdatamodeld */; };
		CD6CE97918B5C08300E66CC9 /* Images.xcassets in Resources */ = {isa = PBXBuildFile; fileRef = CD6CE97818B5C08300E66CC9 /* Images.xcassets */; };
		CD6CE98018B5C08300E66CC9 /* XCTest.framework in Frameworks */ = {isa = PBXBuildFile; fileRef = CD6CE97F18B5C08300E66CC9 /* XCTest.framework */; };
		CD6CE98118B5C08300E66CC9 /* Cocoa.framework in Frameworks */ = {isa = PBXBuildFile; fileRef = CD6CE95D18B5C08300E66CC9 /* Cocoa.framework */; };
		CD6CE98918B5C08300E66CC9 /* InfoPlist.strings in Resources */ = {isa = PBXBuildFile; fileRef = CD6CE98718B5C08300E66CC9 /* InfoPlist.strings */; };
		CD6CE98B18B5C08300E66CC9 /* EVEApi_BetaTests.m in Sources */ = {isa = PBXBuildFile; fileRef = CD6CE98A18B5C08300E66CC9 /* EVEApi_BetaTests.m */; };
		CD6CE99718B5C0BC00E66CC9 /* RKValueTransformers.m in Sources */ = {isa = PBXBuildFile; fileRef = CD6CE99618B5C0BC00E66CC9 /* RKValueTransformers.m */; };
		CD6CE9A518B5C0C300E66CC9 /* XKObjectBuilder.m in Sources */ = {isa = PBXBuildFile; fileRef = CD6CE99A18B5C0C300E66CC9 /* XKObjectBuilder.m */; };
		CD6CE9A618B5C0C300E66CC9 /* XKObjectDescriptor.m in Sources */ = {isa = PBXBuildFile; fileRef = CD6CE99C18B5C0C300E66CC9 /* XKObjectDescriptor.m */; };
		CD6CE9A718B5C0C300E66CC9 /* XKURLRequestOperation.m in Sources */ = {isa = PBXBuildFile; fileRef = CD6CE99E18B5C0C300E66CC9 /* XKURLRequestOperation.m */; };
		CD6CE9A818B5C0C300E66CC9 /* XKXMLSerialization.m in Sources */ = {isa = PBXBuildFile; fileRef = CD6CE9A018B5C0C300E66CC9 /* XKXMLSerialization.m */; };
		CD6CE9A918B5C0C300E66CC9 /* XMLKitErrors.m in Sources */ = {isa = PBXBuildFile; fileRef = CD6CE9A318B5C0C300E66CC9 /* XMLKitErrors.m */; };
		CD6CE9AC18B5C0E400E66CC9 /* EVEMailMessages.xml in Resources */ = {isa = PBXBuildFile; fileRef = CD6CE9AB18B5C0E400E66CC9 /* EVEMailMessages.xml */; };
		CD6CE9B118B5C10300E66CC9 /* EveAPI-Notes.txt in Resources */ = {isa = PBXBuildFile; fileRef = CD6CE9AD18B5C10300E66CC9 /* EveAPI-Notes.txt */; };
		CD6CE9B218B5C10300E66CC9 /* MainWindowController.m in Sources */ = {isa = PBXBuildFile; fileRef = CD6CE9AF18B5C10300E66CC9 /* MainWindowController.m */; };
		CD6CE9B318B5C10300E66CC9 /* MainWindowController.xib in Resources */ = {isa = PBXBuildFile; fileRef = CD6CE9B018B5C10300E66CC9 /* MainWindowController.xib */; };
		CD6D120D18B6E77C00DCECEC /* EVEAccountCharacters.m in Sources */ = {isa = PBXBuildFile; fileRef = CD6D120C18B6E77C00DCECEC /* EVEAccountCharacters.m */; };
		CD6D121218B6E9C900DCECEC /* EVEApiObject.m in Sources */ = {isa = PBXBuildFile; fileRef = CD6D120F18B6E9C900DCECEC /* EVEApiObject.m */; };
		CD6D121318B6E9C900DCECEC /* EVEObject.m in Sources */ = {isa = PBXBuildFile; fileRef = CD6D121118B6E9C900DCECEC /* EVEObject.m */; };
		CD6D121F18B6EAE900DCECEC /* EVEBool.m in Sources */ = {isa = PBXBuildFile; fileRef = CD6D121718B6EAE900DCECEC /* EVEBool.m */; };
		CD6D122018B6EAE900DCECEC /* EVEDate.m in Sources */ = {isa = PBXBuildFile; fileRef = CD6D121918B6EAE900DCECEC /* EVEDate.m */; };
		CD6D122118B6EAE900DCECEC /* EVENumber.m in Sources */ = {isa = PBXBuildFile; fileRef = CD6D121B18B6EAE900DCECEC /* EVENumber.m */; };
		CD6D122218B6EAE900DCECEC /* EVEString.m in Sources */ = {isa = PBXBuildFile; fileRef = CD6D121D18B6EAE900DCECEC /* EVEString.m */; };
		CD6D122518B6EB3800DCECEC /* EVEError.m in Sources */ = {isa = PBXBuildFile; fileRef = CD6D122418B6EB3800DCECEC /* EVEError.m */; };
		CD7DEEE418B9375F00A91624 /* EVECallList.m in Sources */ = {isa = PBXBuildFile; fileRef = CD7DEEE118B9375F00A91624 /* EVECallList.m */; };
		CD7DEEE518B9375F00A91624 /* EVEErrorList.m in Sources */ = {isa = PBXBuildFile; fileRef = CD7DEEE318B9375F00A91624 /* EVEErrorList.m */; };
		CD7DEEEA18B9377400A91624 /* EVECall.m in Sources */ = {isa = PBXBuildFile; fileRef = CD7DEEE718B9377400A91624 /* EVECall.m */; };
		CD7DEEEB18B9377400A91624 /* EVECallGroup.m in Sources */ = {isa = PBXBuildFile; fileRef = CD7DEEE918B9377400A91624 /* EVECallGroup.m */; };
		CD7DEEEE18B93B8100A91624 /* EVECalls.m in Sources */ = {isa = PBXBuildFile; fileRef = CD7DEEED18B93B8100A91624 /* EVECalls.m */; };
		CD7DEEF118B93F3A00A91624 /* EVECallGroups.m in Sources */ = {isa = PBXBuildFile; fileRef = CD7DEEF018B93F3A00A91624 /* EVECallGroups.m */; };
		CD7DEEF418B94C6900A91624 /* EVEAllianceList.m in Sources */ = {isa = PBXBuildFile; fileRef = CD7DEEF318B94C6900A91624 /* EVEAllianceList.m */; };
		CD7DEEF718B94C9300A91624 /* EVEAlliance.m in Sources */ = {isa = PBXBuildFile; fileRef = CD7DEEF618B94C9300A91624 /* EVEAlliance.m */; };
		CD7DEEFA18B94CA400A91624 /* EVECorporation.m in Sources */ = {isa = PBXBuildFile; fileRef = CD7DEEF918B94CA400A91624 /* EVECorporation.m */; };
		CD7DEF0018B9A09F00A91624 /* EVEAlliances.m in Sources */ = {isa = PBXBuildFile; fileRef = CD7DEEFF18B9A09F00A91624 /* EVEAlliances.m */; };
		CD7DEF0318B9A0F700A91624 /* EVECorporations.m in Sources */ = {isa = PBXBuildFile; fileRef = CD7DEF0218B9A0F700A91624 /* EVECorporations.m */; };
		CD7DEF0618BA621D00A91624 /* EVESolarSystemFactionWarfareStatus.m in Sources */ = {isa = PBXBuildFile; fileRef = CD7DEF0518BA621D00A91624 /* EVESolarSystemFactionWarfareStatus.m */; };
		CD7DEF0918BA622D00A91624 /* EVEFactionalWarfareSystems.m in Sources */ = {isa = PBXBuildFile; fileRef = CD7DEF0818BA622D00A91624 /* EVEFactionalWarfareSystems.m */; };
		CD7DEF0C18BA675C00A91624 /* EVEJumps.m in Sources */ = {isa = PBXBuildFile; fileRef = CD7DEF0B18BA675C00A91624 /* EVEJumps.m */; };
		CD7DEF0F18BA677900A91624 /* EVESolarSystemJumps.m in Sources */ = {isa = PBXBuildFile; fileRef = CD7DEF0E18BA677900A91624 /* EVESolarSystemJumps.m */; };
		CD7DEF1218BA70E600A91624 /* EVEKills.m in Sources */ = {isa = PBXBuildFile; fileRef = CD7DEF1118BA70E600A91624 /* EVEKills.m */; };
		CD7DEF1518BA710000A91624 /* EVESolarSystemKills.m in Sources */ = {isa = PBXBuildFile; fileRef = CD7DEF1418BA710000A91624 /* EVESolarSystemKills.m */; };
		CD7DEF1818BA77D800A91624 /* EVESovereignty.m in Sources */ = {isa = PBXBuildFile; fileRef = CD7DEF1718BA77D800A91624 /* EVESovereignty.m */; };
		CD7DEF1B18BA77EA00A91624 /* EVESolarSystemSovereignty.m in Sources */ = {isa = PBXBuildFile; fileRef = CD7DEF1A18BA77EA00A91624 /* EVESolarSystemSovereignty.m */; };
		CD7DEF1E18BA8CBE00A91624 /* EVEServerStatus.m in Sources */ = {isa = PBXBuildFile; fileRef = CD7DEF1D18BA8CBE00A91624 /* EVEServerStatus.m */; };
		CD7DEF2318BA8CF400A91624 /* EVEPlayersOnline.m in Sources */ = {isa = PBXBuildFile; fileRef = CD7DEF2018BA8CF400A91624 /* EVEPlayersOnline.m */; };
		CD7DEF2418BA8CF400A91624 /* EVEServerState.m in Sources */ = {isa = PBXBuildFile; fileRef = CD7DEF2218BA8CF400A91624 /* EVEServerState.m */; };
		CDEF028E18B7EC33001BFD20 /* EVECharacter.m in Sources */ = {isa = PBXBuildFile; fileRef = CDEF028D18B7EC33001BFD20 /* EVECharacter.m */; };
/* End PBXBuildFile section */

/* Begin PBXContainerItemProxy section */
		CD6CE98218B5C08300E66CC9 /* PBXContainerItemProxy */ = {
			isa = PBXContainerItemProxy;
			containerPortal = CD6CE95218B5C08300E66CC9 /* Project object */;
			proxyType = 1;
			remoteGlobalIDString = CD6CE95918B5C08300E66CC9;
			remoteInfo = "EVEApi Beta";
		};
/* End PBXContainerItemProxy section */

/* Begin PBXFileReference section */
		CD1E0CA918BA94A800439258 /* EVETypeName.h */ = {isa = PBXFileReference; fileEncoding = 4; lastKnownFileType = sourcecode.c.h; name = EVETypeName.h; path = "EVE API Interfaces/EVE Statistics/EVETypeName.h"; sourceTree = "<group>"; };
		CD1E0CAA18BA94A800439258 /* EVETypeName.m */ = {isa = PBXFileReference; fileEncoding = 4; lastKnownFileType = sourcecode.c.objc; name = EVETypeName.m; path = "EVE API Interfaces/EVE Statistics/EVETypeName.m"; sourceTree = "<group>"; };
		CD1E0CAC18BA94B300439258 /* EVEType.h */ = {isa = PBXFileReference; fileEncoding = 4; lastKnownFileType = sourcecode.c.h; name = EVEType.h; path = "EVE API Objects/EVE Statistics/EVEType.h"; sourceTree = "<group>"; };
		CD1E0CAD18BA94B300439258 /* EVEType.m */ = {isa = PBXFileReference; fileEncoding = 4; lastKnownFileType = sourcecode.c.objc; name = EVEType.m; path = "EVE API Objects/EVE Statistics/EVEType.m"; sourceTree = "<group>"; };
		CD1E0CAF18BAA38B00439258 /* EVEReferenceTypes.h */ = {isa = PBXFileReference; fileEncoding = 4; lastKnownFileType = sourcecode.c.h; name = EVEReferenceTypes.h; path = "EVE API Interfaces/EVE Statistics/EVEReferenceTypes.h"; sourceTree = "<group>"; };
		CD1E0CB018BAA38B00439258 /* EVEReferenceTypes.m */ = {isa = PBXFileReference; fileEncoding = 4; lastKnownFileType = sourcecode.c.objc; name = EVEReferenceTypes.m; path = "EVE API Interfaces/EVE Statistics/EVEReferenceTypes.m"; sourceTree = "<group>"; };
		CD1E0CB218BAA39900439258 /* EVEReferenceType.h */ = {isa = PBXFileReference; fileEncoding = 4; lastKnownFileType = sourcecode.c.h; name = EVEReferenceType.h; path = "EVE API Objects/EVE Statistics/EVEReferenceType.h"; sourceTree = "<group>"; };
		CD1E0CB318BAA39900439258 /* EVEReferenceType.m */ = {isa = PBXFileReference; fileEncoding = 4; lastKnownFileType = sourcecode.c.objc; name = EVEReferenceType.m; path = "EVE API Objects/EVE Statistics/EVEReferenceType.m"; sourceTree = "<group>"; };
		CD1E0CB518BAAF1700439258 /* EVEConquerableStation.h */ = {isa = PBXFileReference; fileEncoding = 4; lastKnownFileType = sourcecode.c.h; name = EVEConquerableStation.h; path = "EVE API Objects/EVE Statistics/EVEConquerableStation.h"; sourceTree = "<group>"; };
		CD1E0CB618BAAF1700439258 /* EVEConquerableStation.m */ = {isa = PBXFileReference; fileEncoding = 4; lastKnownFileType = sourcecode.c.objc; name = EVEConquerableStation.m; path = "EVE API Objects/EVE Statistics/EVEConquerableStation.m"; sourceTree = "<group>"; };
		CD1E0CB818BAAF6B00439258 /* EVEConquerableStationList.h */ = {isa = PBXFileReference; fileEncoding = 4; lastKnownFileType = sourcecode.c.h; name = EVEConquerableStationList.h; path = "EVE API Interfaces/EVE Statistics/EVEConquerableStationList.h"; sourceTree = "<group>"; };
		CD1E0CB918BAAF6B00439258 /* EVEConquerableStationList.m */ = {isa = PBXFileReference; fileEncoding = 4; lastKnownFileType = sourcecode.c.objc; name = EVEConquerableStationList.m; path = "EVE API Interfaces/EVE Statistics/EVEConquerableStationList.m"; sourceTree = "<group>"; };
		CD1E0CBB18BAB2CA00439258 /* EVECharacterNameToId.h */ = {isa = PBXFileReference; fileEncoding = 4; lastKnownFileType = sourcecode.c.h; name = EVECharacterNameToId.h; path = "EVE API Interfaces/EVE Statistics/EVECharacterNameToId.h"; sourceTree = "<group>"; };
		CD1E0CBC18BAB2CA00439258 /* EVECharacterNameToId.m */ = {isa = PBXFileReference; fileEncoding = 4; lastKnownFileType = sourcecode.c.objc; name = EVECharacterNameToId.m; path = "EVE API Interfaces/EVE Statistics/EVECharacterNameToId.m"; sourceTree = "<group>"; };
		CD1E0CBE18BAC45300439258 /* EVECharacterInfo.h */ = {isa = PBXFileReference; fileEncoding = 4; lastKnownFileType = sourcecode.c.h; name = EVECharacterInfo.h; path = "EVE API Interfaces/EVE Statistics/EVECharacterInfo.h"; sourceTree = "<group>"; };
		CD1E0CBF18BAC45300439258 /* EVECharacterInfo.m */ = {isa = PBXFileReference; fileEncoding = 4; lastKnownFileType = sourcecode.c.objc; name = EVECharacterInfo.m; path = "EVE API Interfaces/EVE Statistics/EVECharacterInfo.m"; sourceTree = "<group>"; };
		CD1E0CC118BAC46800439258 /* EVECharacterId.h */ = {isa = PBXFileReference; fileEncoding = 4; lastKnownFileType = sourcecode.c.h; name = EVECharacterId.h; path = "EVE API Objects/Character/EVECharacterId.h"; sourceTree = "<group>"; };
		CD1E0CC218BAC46800439258 /* EVECharacterId.m */ = {isa = PBXFileReference; fileEncoding = 4; lastKnownFileType = sourcecode.c.objc; name = EVECharacterId.m; path = "EVE API Objects/Character/EVECharacterId.m"; sourceTree = "<group>"; };
		CD1E0CC718BAC4D500439258 /* EVEBloodLine.h */ = {isa = PBXFileReference; fileEncoding = 4; lastKnownFileType = sourcecode.c.h; name = EVEBloodLine.h; path = "EVE API Objects/Character/EVEBloodLine.h"; sourceTree = "<group>"; };
		CD1E0CC818BAC4D500439258 /* EVEBloodLine.m */ = {isa = PBXFileReference; fileEncoding = 4; lastKnownFileType = sourcecode.c.objc; name = EVEBloodLine.m; path = "EVE API Objects/Character/EVEBloodLine.m"; sourceTree = "<group>"; };
		CD1E0CC918BAC4D500439258 /* EVERace.h */ = {isa = PBXFileReference; fileEncoding = 4; lastKnownFileType = sourcecode.c.h; name = EVERace.h; path = "EVE API Objects/Character/EVERace.h"; sourceTree = "<group>"; };
		CD1E0CCA18BAC4D500439258 /* EVERace.m */ = {isa = PBXFileReference; fileEncoding = 4; lastKnownFileType = sourcecode.c.objc; name = EVERace.m; path = "EVE API Objects/Character/EVERace.m"; sourceTree = "<group>"; };
		CD1E0CCD18BAC52500439258 /* EVEWalletBalance.h */ = {isa = PBXFileReference; fileEncoding = 4; lastKnownFileType = sourcecode.c.h; name = EVEWalletBalance.h; path = "EVE API Objects/Financial/EVEWalletBalance.h"; sourceTree = "<group>"; };
		CD1E0CCE18BAC52500439258 /* EVEWalletBalance.m */ = {isa = PBXFileReference; fileEncoding = 4; lastKnownFileType = sourcecode.c.objc; name = EVEWalletBalance.m; path = "EVE API Objects/Financial/EVEWalletBalance.m"; sourceTree = "<group>"; };
		CD1E0CD018BAC74600439258 /* EVECloneSkillPoints.h */ = {isa = PBXFileReference; fileEncoding = 4; lastKnownFileType = sourcecode.c.h; name = EVECloneSkillPoints.h; path = "EVE API Objects/Character/EVECloneSkillPoints.h"; sourceTree = "<group>"; };
		CD1E0CD118BAC74600439258 /* EVECloneSkillPoints.m */ = {isa = PBXFileReference; fileEncoding = 4; lastKnownFileType = sourcecode.c.objc; name = EVECloneSkillPoints.m; path = "EVE API Objects/Character/EVECloneSkillPoints.m"; sourceTree = "<group>"; };
		CD1E0CD318BAC7D600439258 /* EVESkillInTraningEnds.h */ = {isa = PBXFileReference; fileEncoding = 4; lastKnownFileType = sourcecode.c.h; name = EVESkillInTraningEnds.h; path = "EVE API Objects/Skills/EVESkillInTraningEnds.h"; sourceTree = "<group>"; };
		CD1E0CD418BAC7D600439258 /* EVESkillInTraningEnds.m */ = {isa = PBXFileReference; fileEncoding = 4; lastKnownFileType = sourcecode.c.objc; name = EVESkillInTraningEnds.m; path = "EVE API Objects/Skills/EVESkillInTraningEnds.m"; sourceTree = "<group>"; };
		CD1E0CD618BAC7E900439258 /* EVEShipName.h */ = {isa = PBXFileReference; fileEncoding = 4; lastKnownFileType = sourcecode.c.h; name = EVEShipName.h; path = "EVE API Objects/Ships/EVEShipName.h"; sourceTree = "<group>"; };
		CD1E0CD718BAC7E900439258 /* EVEShipName.m */ = {isa = PBXFileReference; fileEncoding = 4; lastKnownFileType = sourcecode.c.objc; name = EVEShipName.m; path = "EVE API Objects/Ships/EVEShipName.m"; sourceTree = "<group>"; };
		CD1E0CD818BAC7E900439258 /* EVEShipTypeId.h */ = {isa = PBXFileReference; fileEncoding = 4; lastKnownFileType = sourcecode.c.h; name = EVEShipTypeId.h; path = "EVE API Objects/Ships/EVEShipTypeId.h"; sourceTree = "<group>"; };
		CD1E0CD918BAC7E900439258 /* EVEShipTypeId.m */ = {isa = PBXFileReference; fileEncoding = 4; lastKnownFileType = sourcecode.c.objc; name = EVEShipTypeId.m; path = "EVE API Objects/Ships/EVEShipTypeId.m"; sourceTree = "<group>"; };
		CD1E0CDA18BAC7E900439258 /* EVEShipTypeName.h */ = {isa = PBXFileReference; fileEncoding = 4; lastKnownFileType = sourcecode.c.h; name = EVEShipTypeName.h; path = "EVE API Objects/Ships/EVEShipTypeName.h"; sourceTree = "<group>"; };
		CD1E0CDB18BAC7E900439258 /* EVEShipTypeName.m */ = {isa = PBXFileReference; fileEncoding = 4; lastKnownFileType = sourcecode.c.objc; name = EVEShipTypeName.m; path = "EVE API Objects/Ships/EVEShipTypeName.m"; sourceTree = "<group>"; };
		CD1E0CDF18BAC82C00439258 /* EVECorporationId.h */ = {isa = PBXFileReference; fileEncoding = 4; lastKnownFileType = sourcecode.c.h; name = EVECorporationId.h; path = "EVE API Objects/Corporation/EVECorporationId.h"; sourceTree = "<group>"; };
		CD1E0CE018BAC82C00439258 /* EVECorporationId.m */ = {isa = PBXFileReference; fileEncoding = 4; lastKnownFileType = sourcecode.c.objc; name = EVECorporationId.m; path = "EVE API Objects/Corporation/EVECorporationId.m"; sourceTree = "<group>"; };
		CD1E0CE118BAC82C00439258 /* EVECorporationJoinDate.h */ = {isa = PBXFileReference; fileEncoding = 4; lastKnownFileType = sourcecode.c.h; name = EVECorporationJoinDate.h; path = "EVE API Objects/Corporation/EVECorporationJoinDate.h"; sourceTree = "<group>"; };
		CD1E0CE218BAC82C00439258 /* EVECorporationJoinDate.m */ = {isa = PBXFileReference; fileEncoding = 4; lastKnownFileType = sourcecode.c.objc; name = EVECorporationJoinDate.m; path = "EVE API Objects/Corporation/EVECorporationJoinDate.m"; sourceTree = "<group>"; };
		CD1E0CE318BAC82C00439258 /* EVECorporationName.h */ = {isa = PBXFileReference; fileEncoding = 4; lastKnownFileType = sourcecode.c.h; name = EVECorporationName.h; path = "EVE API Objects/Corporation/EVECorporationName.h"; sourceTree = "<group>"; };
		CD1E0CE418BAC82C00439258 /* EVECorporationName.m */ = {isa = PBXFileReference; fileEncoding = 4; lastKnownFileType = sourcecode.c.objc; name = EVECorporationName.m; path = "EVE API Objects/Corporation/EVECorporationName.m"; sourceTree = "<group>"; };
		CD1E0CE818BAC87200439258 /* EVEAllianceId.h */ = {isa = PBXFileReference; fileEncoding = 4; lastKnownFileType = sourcecode.c.h; name = EVEAllianceId.h; path = "EVE API Objects/Alliance/EVEAllianceId.h"; sourceTree = "<group>"; };
		CD1E0CE918BAC87200439258 /* EVEAllianceId.m */ = {isa = PBXFileReference; fileEncoding = 4; lastKnownFileType = sourcecode.c.objc; name = EVEAllianceId.m; path = "EVE API Objects/Alliance/EVEAllianceId.m"; sourceTree = "<group>"; };
		CD1E0CEA18BAC87200439258 /* EVEAllianceJoinDate.h */ = {isa = PBXFileReference; fileEncoding = 4; lastKnownFileType = sourcecode.c.h; name = EVEAllianceJoinDate.h; path = "EVE API Objects/Alliance/EVEAllianceJoinDate.h"; sourceTree = "<group>"; };
		CD1E0CEB18BAC87200439258 /* EVEAllianceJoinDate.m */ = {isa = PBXFileReference; fileEncoding = 4; lastKnownFileType = sourcecode.c.objc; name = EVEAllianceJoinDate.m; path = "EVE API Objects/Alliance/EVEAllianceJoinDate.m"; sourceTree = "<group>"; };
		CD1E0CEC18BAC87200439258 /* EVEAllianceName.h */ = {isa = PBXFileReference; fileEncoding = 4; lastKnownFileType = sourcecode.c.h; name = EVEAllianceName.h; path = "EVE API Objects/Alliance/EVEAllianceName.h"; sourceTree = "<group>"; };
		CD1E0CED18BAC87200439258 /* EVEAllianceName.m */ = {isa = PBXFileReference; fileEncoding = 4; lastKnownFileType = sourcecode.c.objc; name = EVEAllianceName.m; path = "EVE API Objects/Alliance/EVEAllianceName.m"; sourceTree = "<group>"; };
		CD1E0CF118BAC8E800439258 /* EVEEmploymentHistoryRecord.h */ = {isa = PBXFileReference; fileEncoding = 4; lastKnownFileType = sourcecode.c.h; name = EVEEmploymentHistoryRecord.h; path = "EVE API Objects/Character/EVEEmploymentHistoryRecord.h"; sourceTree = "<group>"; };
		CD1E0CF218BAC8E800439258 /* EVEEmploymentHistoryRecord.m */ = {isa = PBXFileReference; fileEncoding = 4; lastKnownFileType = sourcecode.c.objc; name = EVEEmploymentHistoryRecord.m; path = "EVE API Objects/Character/EVEEmploymentHistoryRecord.m"; sourceTree = "<group>"; };
		CD1E0CF318BAC8E800439258 /* EVELastKnownLocation.h */ = {isa = PBXFileReference; fileEncoding = 4; lastKnownFileType = sourcecode.c.h; name = EVELastKnownLocation.h; path = "EVE API Objects/Character/EVELastKnownLocation.h"; sourceTree = "<group>"; };
		CD1E0CF418BAC8E800439258 /* EVELastKnownLocation.m */ = {isa = PBXFileReference; fileEncoding = 4; lastKnownFileType = sourcecode.c.objc; name = EVELastKnownLocation.m; path = "EVE API Objects/Character/EVELastKnownLocation.m"; sourceTree = "<group>"; };
		CD1E0CF518BAC8E800439258 /* EVESecurityStatus.h */ = {isa = PBXFileReference; fileEncoding = 4; lastKnownFileType = sourcecode.c.h; name = EVESecurityStatus.h; path = "EVE API Objects/Character/EVESecurityStatus.h"; sourceTree = "<group>"; };
		CD1E0CF618BAC8E800439258 /* EVESecurityStatus.m */ = {isa = PBXFileReference; fileEncoding = 4; lastKnownFileType = sourcecode.c.objc; name = EVESecurityStatus.m; path = "EVE API Objects/Character/EVESecurityStatus.m"; sourceTree = "<group>"; };
		CD1E0CFA18BACA1900439258 /* EVECharacterName.h */ = {isa = PBXFileReference; fileEncoding = 4; lastKnownFileType = sourcecode.c.h; name = EVECharacterName.h; path = "EVE API Objects/Character/EVECharacterName.h"; sourceTree = "<group>"; };
		CD1E0CFB18BACA1900439258 /* EVECharacterName.m */ = {isa = PBXFileReference; fileEncoding = 4; lastKnownFileType = sourcecode.c.objc; name = EVECharacterName.m; path = "EVE API Objects/Character/EVECharacterName.m"; sourceTree = "<group>"; };
		CD364A1618B90D3200B65FA1 /* EVEAccountStatus.h */ = {isa = PBXFileReference; fileEncoding = 4; lastKnownFileType = sourcecode.c.h; name = EVEAccountStatus.h; path = "EVE API Interfaces/Account/EVEAccountStatus.h"; sourceTree = "<group>"; };
		CD364A1718B90D3200B65FA1 /* EVEAccountStatus.m */ = {isa = PBXFileReference; fileEncoding = 4; lastKnownFileType = sourcecode.c.objc; name = EVEAccountStatus.m; path = "EVE API Interfaces/Account/EVEAccountStatus.m"; sourceTree = "<group>"; };
		CD364A1B18B9105600B65FA1 /* EVEApi.h */ = {isa = PBXFileReference; fileEncoding = 4; lastKnownFileType = sourcecode.c.h; name = EVEApi.h; path = "EVE API Objects/API Interface/EVEApi.h"; sourceTree = "<group>"; };
		CD364A1C18B9105600B65FA1 /* EVEApi.m */ = {isa = PBXFileReference; fileEncoding = 4; lastKnownFileType = sourcecode.c.objc; name = EVEApi.m; path = "EVE API Objects/API Interface/EVEApi.m"; sourceTree = "<group>"; };
		CD364A1E18B9108500B65FA1 /* EVEAccountCreationDate.h */ = {isa = PBXFileReference; fileEncoding = 4; lastKnownFileType = sourcecode.c.h; name = EVEAccountCreationDate.h; path = "EVE API Objects/Account/EVEAccountCreationDate.h"; sourceTree = "<group>"; };
		CD364A1F18B9108500B65FA1 /* EVEAccountCreationDate.m */ = {isa = PBXFileReference; fileEncoding = 4; lastKnownFileType = sourcecode.c.objc; name = EVEAccountCreationDate.m; path = "EVE API Objects/Account/EVEAccountCreationDate.m"; sourceTree = "<group>"; };
		CD364A2018B9108500B65FA1 /* EVEAccountExpirationDate.h */ = {isa = PBXFileReference; fileEncoding = 4; lastKnownFileType = sourcecode.c.h; name = EVEAccountExpirationDate.h; path = "EVE API Objects/Account/EVEAccountExpirationDate.h"; sourceTree = "<group>"; };
		CD364A2118B9108500B65FA1 /* EVEAccountExpirationDate.m */ = {isa = PBXFileReference; fileEncoding = 4; lastKnownFileType = sourcecode.c.objc; name = EVEAccountExpirationDate.m; path = "EVE API Objects/Account/EVEAccountExpirationDate.m"; sourceTree = "<group>"; };
		CD364A2218B9108500B65FA1 /* EVEAccountLogonCount.h */ = {isa = PBXFileReference; fileEncoding = 4; lastKnownFileType = sourcecode.c.h; name = EVEAccountLogonCount.h; path = "EVE API Objects/Account/EVEAccountLogonCount.h"; sourceTree = "<group>"; };
		CD364A2318B9108500B65FA1 /* EVEAccountLogonCount.m */ = {isa = PBXFileReference; fileEncoding = 4; lastKnownFileType = sourcecode.c.objc; name = EVEAccountLogonCount.m; path = "EVE API Objects/Account/EVEAccountLogonCount.m"; sourceTree = "<group>"; };
		CD364A2418B9108500B65FA1 /* EVEAccountTotalMinutesPlayed.h */ = {isa = PBXFileReference; fileEncoding = 4; lastKnownFileType = sourcecode.c.h; name = EVEAccountTotalMinutesPlayed.h; path = "EVE API Objects/Account/EVEAccountTotalMinutesPlayed.h"; sourceTree = "<group>"; };
		CD364A2518B9108500B65FA1 /* EVEAccountTotalMinutesPlayed.m */ = {isa = PBXFileReference; fileEncoding = 4; lastKnownFileType = sourcecode.c.objc; name = EVEAccountTotalMinutesPlayed.m; path = "EVE API Objects/Account/EVEAccountTotalMinutesPlayed.m"; sourceTree = "<group>"; };
		CD65A2DF18B9256400F43C13 /* EVEApiKeyInformation.h */ = {isa = PBXFileReference; fileEncoding = 4; lastKnownFileType = sourcecode.c.h; name = EVEApiKeyInformation.h; path = "EVE API Interfaces/Account/EVEApiKeyInformation.h"; sourceTree = "<group>"; };
		CD65A2E018B9256400F43C13 /* EVEApiKeyInformation.m */ = {isa = PBXFileReference; fileEncoding = 4; lastKnownFileType = sourcecode.c.objc; name = EVEApiKeyInformation.m; path = "EVE API Interfaces/Account/EVEApiKeyInformation.m"; sourceTree = "<group>"; };
		CD65A2E218B9257C00F43C13 /* EVEApiKey.h */ = {isa = PBXFileReference; fileEncoding = 4; lastKnownFileType = sourcecode.c.h; name = EVEApiKey.h; path = "EVE API Objects/Account/EVEApiKey.h"; sourceTree = "<group>"; };
		CD65A2E318B9257C00F43C13 /* EVEApiKey.m */ = {isa = PBXFileReference; fileEncoding = 4; lastKnownFileType = sourcecode.c.objc; name = EVEApiKey.m; path = "EVE API Objects/Account/EVEApiKey.m"; sourceTree = "<group>"; };
		CD6CE95A18B5C08300E66CC9 /* EVEApi Beta.app */ = {isa = PBXFileReference; explicitFileType = wrapper.application; includeInIndex = 0; path = "EVEApi Beta.app"; sourceTree = BUILT_PRODUCTS_DIR; };
		CD6CE95D18B5C08300E66CC9 /* Cocoa.framework */ = {isa = PBXFileReference; lastKnownFileType = wrapper.framework; name = Cocoa.framework; path = System/Library/Frameworks/Cocoa.framework; sourceTree = SDKROOT; };
		CD6CE96018B5C08300E66CC9 /* AppKit.framework */ = {isa = PBXFileReference; lastKnownFileType = wrapper.framework; name = AppKit.framework; path = System/Library/Frameworks/AppKit.framework; sourceTree = SDKROOT; };
		CD6CE96118B5C08300E66CC9 /* CoreData.framework */ = {isa = PBXFileReference; lastKnownFileType = wrapper.framework; name = CoreData.framework; path = System/Library/Frameworks/CoreData.framework; sourceTree = SDKROOT; };
		CD6CE96218B5C08300E66CC9 /* Foundation.framework */ = {isa = PBXFileReference; lastKnownFileType = wrapper.framework; name = Foundation.framework; path = System/Library/Frameworks/Foundation.framework; sourceTree = SDKROOT; };
		CD6CE96518B5C08300E66CC9 /* EVEApi Beta-Info.plist */ = {isa = PBXFileReference; lastKnownFileType = text.plist.xml; path = "EVEApi Beta-Info.plist"; sourceTree = "<group>"; };
		CD6CE96718B5C08300E66CC9 /* en */ = {isa = PBXFileReference; lastKnownFileType = text.plist.strings; name = en; path = en.lproj/InfoPlist.strings; sourceTree = "<group>"; };
		CD6CE96918B5C08300E66CC9 /* main.m */ = {isa = PBXFileReference; lastKnownFileType = sourcecode.c.objc; path = main.m; sourceTree = "<group>"; };
		CD6CE96B18B5C08300E66CC9 /* EVEApi Beta-Prefix.pch */ = {isa = PBXFileReference; lastKnownFileType = sourcecode.c.h; path = "EVEApi Beta-Prefix.pch"; sourceTree = "<group>"; };
		CD6CE96D18B5C08300E66CC9 /* en */ = {isa = PBXFileReference; lastKnownFileType = text.rtf; name = en; path = en.lproj/Credits.rtf; sourceTree = "<group>"; };
		CD6CE96F18B5C08300E66CC9 /* AppDelegate.h */ = {isa = PBXFileReference; lastKnownFileType = sourcecode.c.h; path = AppDelegate.h; sourceTree = "<group>"; };
		CD6CE97018B5C08300E66CC9 /* AppDelegate.m */ = {isa = PBXFileReference; lastKnownFileType = sourcecode.c.objc; path = AppDelegate.m; sourceTree = "<group>"; };
		CD6CE97318B5C08300E66CC9 /* Base */ = {isa = PBXFileReference; lastKnownFileType = file.xib; name = Base; path = Base.lproj/MainMenu.xib; sourceTree = "<group>"; };
		CD6CE97618B5C08300E66CC9 /* EVEApi_Beta.xcdatamodel */ = {isa = PBXFileReference; lastKnownFileType = wrapper.xcdatamodel; path = EVEApi_Beta.xcdatamodel; sourceTree = "<group>"; };
		CD6CE97818B5C08300E66CC9 /* Images.xcassets */ = {isa = PBXFileReference; lastKnownFileType = folder.assetcatalog; path = Images.xcassets; sourceTree = "<group>"; };
		CD6CE97E18B5C08300E66CC9 /* EVEApi BetaTests.xctest */ = {isa = PBXFileReference; explicitFileType = wrapper.cfbundle; includeInIndex = 0; path = "EVEApi BetaTests.xctest"; sourceTree = BUILT_PRODUCTS_DIR; };
		CD6CE97F18B5C08300E66CC9 /* XCTest.framework */ = {isa = PBXFileReference; lastKnownFileType = wrapper.framework; name = XCTest.framework; path = Library/Frameworks/XCTest.framework; sourceTree = DEVELOPER_DIR; };
		CD6CE98618B5C08300E66CC9 /* EVEApi BetaTests-Info.plist */ = {isa = PBXFileReference; lastKnownFileType = text.plist.xml; path = "EVEApi BetaTests-Info.plist"; sourceTree = "<group>"; };
		CD6CE98818B5C08300E66CC9 /* en */ = {isa = PBXFileReference; lastKnownFileType = text.plist.strings; name = en; path = en.lproj/InfoPlist.strings; sourceTree = "<group>"; };
		CD6CE98A18B5C08300E66CC9 /* EVEApi_BetaTests.m */ = {isa = PBXFileReference; lastKnownFileType = sourcecode.c.objc; path = EVEApi_BetaTests.m; sourceTree = "<group>"; };
		CD6CE99518B5C0BC00E66CC9 /* RKValueTransformers.h */ = {isa = PBXFileReference; fileEncoding = 4; lastKnownFileType = sourcecode.c.h; path = RKValueTransformers.h; sourceTree = "<group>"; };
		CD6CE99618B5C0BC00E66CC9 /* RKValueTransformers.m */ = {isa = PBXFileReference; fileEncoding = 4; lastKnownFileType = sourcecode.c.objc; path = RKValueTransformers.m; sourceTree = "<group>"; };
		CD6CE99918B5C0C300E66CC9 /* XKObjectBuilder.h */ = {isa = PBXFileReference; fileEncoding = 4; lastKnownFileType = sourcecode.c.h; path = XKObjectBuilder.h; sourceTree = "<group>"; };
		CD6CE99A18B5C0C300E66CC9 /* XKObjectBuilder.m */ = {isa = PBXFileReference; fileEncoding = 4; lastKnownFileType = sourcecode.c.objc; path = XKObjectBuilder.m; sourceTree = "<group>"; };
		CD6CE99B18B5C0C300E66CC9 /* XKObjectDescriptor.h */ = {isa = PBXFileReference; fileEncoding = 4; lastKnownFileType = sourcecode.c.h; path = XKObjectDescriptor.h; sourceTree = "<group>"; };
		CD6CE99C18B5C0C300E66CC9 /* XKObjectDescriptor.m */ = {isa = PBXFileReference; fileEncoding = 4; lastKnownFileType = sourcecode.c.objc; path = XKObjectDescriptor.m; sourceTree = "<group>"; };
		CD6CE99D18B5C0C300E66CC9 /* XKURLRequestOperation.h */ = {isa = PBXFileReference; fileEncoding = 4; lastKnownFileType = sourcecode.c.h; path = XKURLRequestOperation.h; sourceTree = "<group>"; };
		CD6CE99E18B5C0C300E66CC9 /* XKURLRequestOperation.m */ = {isa = PBXFileReference; fileEncoding = 4; lastKnownFileType = sourcecode.c.objc; path = XKURLRequestOperation.m; sourceTree = "<group>"; };
		CD6CE99F18B5C0C300E66CC9 /* XKXMLSerialization.h */ = {isa = PBXFileReference; fileEncoding = 4; lastKnownFileType = sourcecode.c.h; path = XKXMLSerialization.h; sourceTree = "<group>"; };
		CD6CE9A018B5C0C300E66CC9 /* XKXMLSerialization.m */ = {isa = PBXFileReference; fileEncoding = 4; lastKnownFileType = sourcecode.c.objc; path = XKXMLSerialization.m; sourceTree = "<group>"; };
		CD6CE9A118B5C0C300E66CC9 /* XMLKit.h */ = {isa = PBXFileReference; fileEncoding = 4; lastKnownFileType = sourcecode.c.h; path = XMLKit.h; sourceTree = "<group>"; };
		CD6CE9A218B5C0C300E66CC9 /* XMLKitErrors.h */ = {isa = PBXFileReference; fileEncoding = 4; lastKnownFileType = sourcecode.c.h; path = XMLKitErrors.h; sourceTree = "<group>"; };
		CD6CE9A318B5C0C300E66CC9 /* XMLKitErrors.m */ = {isa = PBXFileReference; fileEncoding = 4; lastKnownFileType = sourcecode.c.objc; path = XMLKitErrors.m; sourceTree = "<group>"; };
		CD6CE9A418B5C0C300E66CC9 /* XMLKitTypes.h */ = {isa = PBXFileReference; fileEncoding = 4; lastKnownFileType = sourcecode.c.h; path = XMLKitTypes.h; sourceTree = "<group>"; };
		CD6CE9AB18B5C0E400E66CC9 /* EVEMailMessages.xml */ = {isa = PBXFileReference; fileEncoding = 4; lastKnownFileType = text.xml; path = EVEMailMessages.xml; sourceTree = "<group>"; };
		CD6CE9AD18B5C10300E66CC9 /* EveAPI-Notes.txt */ = {isa = PBXFileReference; fileEncoding = 4; lastKnownFileType = text; path = "EveAPI-Notes.txt"; sourceTree = "<group>"; };
		CD6CE9AE18B5C10300E66CC9 /* MainWindowController.h */ = {isa = PBXFileReference; fileEncoding = 4; lastKnownFileType = sourcecode.c.h; path = MainWindowController.h; sourceTree = "<group>"; };
		CD6CE9AF18B5C10300E66CC9 /* MainWindowController.m */ = {isa = PBXFileReference; fileEncoding = 4; lastKnownFileType = sourcecode.c.objc; path = MainWindowController.m; sourceTree = "<group>"; };
		CD6CE9B018B5C10300E66CC9 /* MainWindowController.xib */ = {isa = PBXFileReference; fileEncoding = 4; lastKnownFileType = file.xib; path = MainWindowController.xib; sourceTree = "<group>"; };
		CD6D120B18B6E77C00DCECEC /* EVEAccountCharacters.h */ = {isa = PBXFileReference; fileEncoding = 4; lastKnownFileType = sourcecode.c.h; name = EVEAccountCharacters.h; path = "EVE API Interfaces/Account/EVEAccountCharacters.h"; sourceTree = "<group>"; };
		CD6D120C18B6E77C00DCECEC /* EVEAccountCharacters.m */ = {isa = PBXFileReference; fileEncoding = 4; lastKnownFileType = sourcecode.c.objc; name = EVEAccountCharacters.m; path = "EVE API Interfaces/Account/EVEAccountCharacters.m"; sourceTree = "<group>"; };
		CD6D120E18B6E9C900DCECEC /* EVEApiObject.h */ = {isa = PBXFileReference; fileEncoding = 4; lastKnownFileType = sourcecode.c.h; name = EVEApiObject.h; path = "EVE API Objects/EVE Types/EVEApiObject.h"; sourceTree = "<group>"; };
		CD6D120F18B6E9C900DCECEC /* EVEApiObject.m */ = {isa = PBXFileReference; fileEncoding = 4; lastKnownFileType = sourcecode.c.objc; name = EVEApiObject.m; path = "EVE API Objects/EVE Types/EVEApiObject.m"; sourceTree = "<group>"; };
		CD6D121018B6E9C900DCECEC /* EVEObject.h */ = {isa = PBXFileReference; fileEncoding = 4; lastKnownFileType = sourcecode.c.h; name = EVEObject.h; path = "EVE API Objects/EVE Types/EVEObject.h"; sourceTree = "<group>"; };
		CD6D121118B6E9C900DCECEC /* EVEObject.m */ = {isa = PBXFileReference; fileEncoding = 4; lastKnownFileType = sourcecode.c.objc; name = EVEObject.m; path = "EVE API Objects/EVE Types/EVEObject.m"; sourceTree = "<group>"; };
		CD6D121618B6EAE900DCECEC /* EVEBool.h */ = {isa = PBXFileReference; fileEncoding = 4; lastKnownFileType = sourcecode.c.h; name = EVEBool.h; path = "EVE API Objects/EVE Types/EVEBool.h"; sourceTree = "<group>"; };
		CD6D121718B6EAE900DCECEC /* EVEBool.m */ = {isa = PBXFileReference; fileEncoding = 4; lastKnownFileType = sourcecode.c.objc; name = EVEBool.m; path = "EVE API Objects/EVE Types/EVEBool.m"; sourceTree = "<group>"; };
		CD6D121818B6EAE900DCECEC /* EVEDate.h */ = {isa = PBXFileReference; fileEncoding = 4; lastKnownFileType = sourcecode.c.h; name = EVEDate.h; path = "EVE API Objects/EVE Types/EVEDate.h"; sourceTree = "<group>"; };
		CD6D121918B6EAE900DCECEC /* EVEDate.m */ = {isa = PBXFileReference; fileEncoding = 4; lastKnownFileType = sourcecode.c.objc; name = EVEDate.m; path = "EVE API Objects/EVE Types/EVEDate.m"; sourceTree = "<group>"; };
		CD6D121A18B6EAE900DCECEC /* EVENumber.h */ = {isa = PBXFileReference; fileEncoding = 4; lastKnownFileType = sourcecode.c.h; name = EVENumber.h; path = "EVE API Objects/EVE Types/EVENumber.h"; sourceTree = "<group>"; };
		CD6D121B18B6EAE900DCECEC /* EVENumber.m */ = {isa = PBXFileReference; fileEncoding = 4; lastKnownFileType = sourcecode.c.objc; name = EVENumber.m; path = "EVE API Objects/EVE Types/EVENumber.m"; sourceTree = "<group>"; };
		CD6D121C18B6EAE900DCECEC /* EVEString.h */ = {isa = PBXFileReference; fileEncoding = 4; lastKnownFileType = sourcecode.c.h; name = EVEString.h; path = "EVE API Objects/EVE Types/EVEString.h"; sourceTree = "<group>"; };
		CD6D121D18B6EAE900DCECEC /* EVEString.m */ = {isa = PBXFileReference; fileEncoding = 4; lastKnownFileType = sourcecode.c.objc; name = EVEString.m; path = "EVE API Objects/EVE Types/EVEString.m"; sourceTree = "<group>"; };
		CD6D122318B6EB3800DCECEC /* EVEError.h */ = {isa = PBXFileReference; fileEncoding = 4; lastKnownFileType = sourcecode.c.h; name = EVEError.h; path = "EVE API Objects/EVE Types/EVEError.h"; sourceTree = "<group>"; };
		CD6D122418B6EB3800DCECEC /* EVEError.m */ = {isa = PBXFileReference; fileEncoding = 4; lastKnownFileType = sourcecode.c.objc; name = EVEError.m; path = "EVE API Objects/EVE Types/EVEError.m"; sourceTree = "<group>"; };
		CD7DEEE018B9375F00A91624 /* EVECallList.h */ = {isa = PBXFileReference; fileEncoding = 4; lastKnownFileType = sourcecode.c.h; name = EVECallList.h; path = "EVE API Interfaces/API/EVECallList.h"; sourceTree = "<group>"; };
		CD7DEEE118B9375F00A91624 /* EVECallList.m */ = {isa = PBXFileReference; fileEncoding = 4; lastKnownFileType = sourcecode.c.objc; name = EVECallList.m; path = "EVE API Interfaces/API/EVECallList.m"; sourceTree = "<group>"; };
		CD7DEEE218B9375F00A91624 /* EVEErrorList.h */ = {isa = PBXFileReference; fileEncoding = 4; lastKnownFileType = sourcecode.c.h; name = EVEErrorList.h; path = "EVE API Interfaces/API/EVEErrorList.h"; sourceTree = "<group>"; };
		CD7DEEE318B9375F00A91624 /* EVEErrorList.m */ = {isa = PBXFileReference; fileEncoding = 4; lastKnownFileType = sourcecode.c.objc; name = EVEErrorList.m; path = "EVE API Interfaces/API/EVEErrorList.m"; sourceTree = "<group>"; };
		CD7DEEE618B9377400A91624 /* EVECall.h */ = {isa = PBXFileReference; fileEncoding = 4; lastKnownFileType = sourcecode.c.h; name = EVECall.h; path = "EVE API Objects/API Interface/EVECall.h"; sourceTree = "<group>"; };
		CD7DEEE718B9377400A91624 /* EVECall.m */ = {isa = PBXFileReference; fileEncoding = 4; lastKnownFileType = sourcecode.c.objc; name = EVECall.m; path = "EVE API Objects/API Interface/EVECall.m"; sourceTree = "<group>"; };
		CD7DEEE818B9377400A91624 /* EVECallGroup.h */ = {isa = PBXFileReference; fileEncoding = 4; lastKnownFileType = sourcecode.c.h; name = EVECallGroup.h; path = "EVE API Objects/API Interface/EVECallGroup.h"; sourceTree = "<group>"; };
		CD7DEEE918B9377400A91624 /* EVECallGroup.m */ = {isa = PBXFileReference; fileEncoding = 4; lastKnownFileType = sourcecode.c.objc; name = EVECallGroup.m; path = "EVE API Objects/API Interface/EVECallGroup.m"; sourceTree = "<group>"; };
		CD7DEEEC18B93B8100A91624 /* EVECalls.h */ = {isa = PBXFileReference; fileEncoding = 4; lastKnownFileType = sourcecode.c.h; name = EVECalls.h; path = "EVE API Objects/API Interface/EVECalls.h"; sourceTree = "<group>"; };
		CD7DEEED18B93B8100A91624 /* EVECalls.m */ = {isa = PBXFileReference; fileEncoding = 4; lastKnownFileType = sourcecode.c.objc; name = EVECalls.m; path = "EVE API Objects/API Interface/EVECalls.m"; sourceTree = "<group>"; };
		CD7DEEEF18B93F3A00A91624 /* EVECallGroups.h */ = {isa = PBXFileReference; fileEncoding = 4; lastKnownFileType = sourcecode.c.h; name = EVECallGroups.h; path = "EVE API Objects/API Interface/EVECallGroups.h"; sourceTree = "<group>"; };
		CD7DEEF018B93F3A00A91624 /* EVECallGroups.m */ = {isa = PBXFileReference; fileEncoding = 4; lastKnownFileType = sourcecode.c.objc; name = EVECallGroups.m; path = "EVE API Objects/API Interface/EVECallGroups.m"; sourceTree = "<group>"; };
		CD7DEEF218B94C6900A91624 /* EVEAllianceList.h */ = {isa = PBXFileReference; fileEncoding = 4; lastKnownFileType = sourcecode.c.h; name = EVEAllianceList.h; path = "EVE API Interfaces/EVE Statistics/EVEAllianceList.h"; sourceTree = "<group>"; };
		CD7DEEF318B94C6900A91624 /* EVEAllianceList.m */ = {isa = PBXFileReference; fileEncoding = 4; lastKnownFileType = sourcecode.c.objc; name = EVEAllianceList.m; path = "EVE API Interfaces/EVE Statistics/EVEAllianceList.m"; sourceTree = "<group>"; };
		CD7DEEF518B94C9300A91624 /* EVEAlliance.h */ = {isa = PBXFileReference; fileEncoding = 4; lastKnownFileType = sourcecode.c.h; name = EVEAlliance.h; path = "EVE API Objects/Alliance/EVEAlliance.h"; sourceTree = "<group>"; };
		CD7DEEF618B94C9300A91624 /* EVEAlliance.m */ = {isa = PBXFileReference; fileEncoding = 4; lastKnownFileType = sourcecode.c.objc; name = EVEAlliance.m; path = "EVE API Objects/Alliance/EVEAlliance.m"; sourceTree = "<group>"; };
		CD7DEEF818B94CA400A91624 /* EVECorporation.h */ = {isa = PBXFileReference; fileEncoding = 4; lastKnownFileType = sourcecode.c.h; name = EVECorporation.h; path = "EVE API Objects/Corporation/EVECorporation.h"; sourceTree = "<group>"; };
		CD7DEEF918B94CA400A91624 /* EVECorporation.m */ = {isa = PBXFileReference; fileEncoding = 4; lastKnownFileType = sourcecode.c.objc; name = EVECorporation.m; path = "EVE API Objects/Corporation/EVECorporation.m"; sourceTree = "<group>"; };
		CD7DEEFE18B9A09F00A91624 /* EVEAlliances.h */ = {isa = PBXFileReference; fileEncoding = 4; lastKnownFileType = sourcecode.c.h; name = EVEAlliances.h; path = "EVE API Objects/Alliance/EVEAlliances.h"; sourceTree = "<group>"; };
		CD7DEEFF18B9A09F00A91624 /* EVEAlliances.m */ = {isa = PBXFileReference; fileEncoding = 4; lastKnownFileType = sourcecode.c.objc; name = EVEAlliances.m; path = "EVE API Objects/Alliance/EVEAlliances.m"; sourceTree = "<group>"; };
		CD7DEF0118B9A0F700A91624 /* EVECorporations.h */ = {isa = PBXFileReference; fileEncoding = 4; lastKnownFileType = sourcecode.c.h; name = EVECorporations.h; path = "EVE API Objects/Corporation/EVECorporations.h"; sourceTree = "<group>"; };
		CD7DEF0218B9A0F700A91624 /* EVECorporations.m */ = {isa = PBXFileReference; fileEncoding = 4; lastKnownFileType = sourcecode.c.objc; name = EVECorporations.m; path = "EVE API Objects/Corporation/EVECorporations.m"; sourceTree = "<group>"; };
		CD7DEF0418BA621D00A91624 /* EVESolarSystemFactionWarfareStatus.h */ = {isa = PBXFileReference; fileEncoding = 4; lastKnownFileType = sourcecode.c.h; name = EVESolarSystemFactionWarfareStatus.h; path = "EVE API Objects/Faction Warfare/EVESolarSystemFactionWarfareStatus.h"; sourceTree = "<group>"; };
		CD7DEF0518BA621D00A91624 /* EVESolarSystemFactionWarfareStatus.m */ = {isa = PBXFileReference; fileEncoding = 4; lastKnownFileType = sourcecode.c.objc; name = EVESolarSystemFactionWarfareStatus.m; path = "EVE API Objects/Faction Warfare/EVESolarSystemFactionWarfareStatus.m"; sourceTree = "<group>"; };
		CD7DEF0718BA622D00A91624 /* EVEFactionalWarfareSystems.h */ = {isa = PBXFileReference; fileEncoding = 4; lastKnownFileType = sourcecode.c.h; name = EVEFactionalWarfareSystems.h; path = "EVE API Interfaces/Map/EVEFactionalWarfareSystems.h"; sourceTree = "<group>"; };
		CD7DEF0818BA622D00A91624 /* EVEFactionalWarfareSystems.m */ = {isa = PBXFileReference; fileEncoding = 4; lastKnownFileType = sourcecode.c.objc; name = EVEFactionalWarfareSystems.m; path = "EVE API Interfaces/Map/EVEFactionalWarfareSystems.m"; sourceTree = "<group>"; };
		CD7DEF0A18BA675C00A91624 /* EVEJumps.h */ = {isa = PBXFileReference; fileEncoding = 4; lastKnownFileType = sourcecode.c.h; name = EVEJumps.h; path = "EVE API Interfaces/Map/EVEJumps.h"; sourceTree = "<group>"; };
		CD7DEF0B18BA675C00A91624 /* EVEJumps.m */ = {isa = PBXFileReference; fileEncoding = 4; lastKnownFileType = sourcecode.c.objc; name = EVEJumps.m; path = "EVE API Interfaces/Map/EVEJumps.m"; sourceTree = "<group>"; };
		CD7DEF0D18BA677900A91624 /* EVESolarSystemJumps.h */ = {isa = PBXFileReference; fileEncoding = 4; lastKnownFileType = sourcecode.c.h; name = EVESolarSystemJumps.h; path = "EVE API Objects/EVE Statistics/EVESolarSystemJumps.h"; sourceTree = "<group>"; };
		CD7DEF0E18BA677900A91624 /* EVESolarSystemJumps.m */ = {isa = PBXFileReference; fileEncoding = 4; lastKnownFileType = sourcecode.c.objc; name = EVESolarSystemJumps.m; path = "EVE API Objects/EVE Statistics/EVESolarSystemJumps.m"; sourceTree = "<group>"; };
		CD7DEF1018BA70E600A91624 /* EVEKills.h */ = {isa = PBXFileReference; fileEncoding = 4; lastKnownFileType = sourcecode.c.h; name = EVEKills.h; path = "EVE API Interfaces/Map/EVEKills.h"; sourceTree = "<group>"; };
		CD7DEF1118BA70E600A91624 /* EVEKills.m */ = {isa = PBXFileReference; fileEncoding = 4; lastKnownFileType = sourcecode.c.objc; name = EVEKills.m; path = "EVE API Interfaces/Map/EVEKills.m"; sourceTree = "<group>"; };
		CD7DEF1318BA710000A91624 /* EVESolarSystemKills.h */ = {isa = PBXFileReference; fileEncoding = 4; lastKnownFileType = sourcecode.c.h; name = EVESolarSystemKills.h; path = "EVE API Objects/EVE Statistics/EVESolarSystemKills.h"; sourceTree = "<group>"; };
		CD7DEF1418BA710000A91624 /* EVESolarSystemKills.m */ = {isa = PBXFileReference; fileEncoding = 4; lastKnownFileType = sourcecode.c.objc; name = EVESolarSystemKills.m; path = "EVE API Objects/EVE Statistics/EVESolarSystemKills.m"; sourceTree = "<group>"; };
		CD7DEF1618BA77D800A91624 /* EVESovereignty.h */ = {isa = PBXFileReference; fileEncoding = 4; lastKnownFileType = sourcecode.c.h; name = EVESovereignty.h; path = "EVE API Interfaces/Map/EVESovereignty.h"; sourceTree = "<group>"; };
		CD7DEF1718BA77D800A91624 /* EVESovereignty.m */ = {isa = PBXFileReference; fileEncoding = 4; lastKnownFileType = sourcecode.c.objc; name = EVESovereignty.m; path = "EVE API Interfaces/Map/EVESovereignty.m"; sourceTree = "<group>"; };
		CD7DEF1918BA77EA00A91624 /* EVESolarSystemSovereignty.h */ = {isa = PBXFileReference; fileEncoding = 4; lastKnownFileType = sourcecode.c.h; name = EVESolarSystemSovereignty.h; path = "EVE API Objects/EVE Statistics/EVESolarSystemSovereignty.h"; sourceTree = "<group>"; };
		CD7DEF1A18BA77EA00A91624 /* EVESolarSystemSovereignty.m */ = {isa = PBXFileReference; fileEncoding = 4; lastKnownFileType = sourcecode.c.objc; name = EVESolarSystemSovereignty.m; path = "EVE API Objects/EVE Statistics/EVESolarSystemSovereignty.m"; sourceTree = "<group>"; };
		CD7DEF1C18BA8CBE00A91624 /* EVEServerStatus.h */ = {isa = PBXFileReference; fileEncoding = 4; lastKnownFileType = sourcecode.c.h; name = EVEServerStatus.h; path = "EVE API Interfaces/Server/EVEServerStatus.h"; sourceTree = "<group>"; };
		CD7DEF1D18BA8CBE00A91624 /* EVEServerStatus.m */ = {isa = PBXFileReference; fileEncoding = 4; lastKnownFileType = sourcecode.c.objc; name = EVEServerStatus.m; path = "EVE API Interfaces/Server/EVEServerStatus.m"; sourceTree = "<group>"; };
		CD7DEF1F18BA8CF400A91624 /* EVEPlayersOnline.h */ = {isa = PBXFileReference; fileEncoding = 4; lastKnownFileType = sourcecode.c.h; name = EVEPlayersOnline.h; path = "EVE API Objects/EVE Statistics/EVEPlayersOnline.h"; sourceTree = "<group>"; };
		CD7DEF2018BA8CF400A91624 /* EVEPlayersOnline.m */ = {isa = PBXFileReference; fileEncoding = 4; lastKnownFileType = sourcecode.c.objc; name = EVEPlayersOnline.m; path = "EVE API Objects/EVE Statistics/EVEPlayersOnline.m"; sourceTree = "<group>"; };
		CD7DEF2118BA8CF400A91624 /* EVEServerState.h */ = {isa = PBXFileReference; fileEncoding = 4; lastKnownFileType = sourcecode.c.h; name = EVEServerState.h; path = "EVE API Objects/EVE Statistics/EVEServerState.h"; sourceTree = "<group>"; };
		CD7DEF2218BA8CF400A91624 /* EVEServerState.m */ = {isa = PBXFileReference; fileEncoding = 4; lastKnownFileType = sourcecode.c.objc; name = EVEServerState.m; path = "EVE API Objects/EVE Statistics/EVEServerState.m"; sourceTree = "<group>"; };
		CDEF028C18B7EC33001BFD20 /* EVECharacter.h */ = {isa = PBXFileReference; fileEncoding = 4; lastKnownFileType = sourcecode.c.h; name = EVECharacter.h; path = "EVE API Objects/Character/EVECharacter.h"; sourceTree = "<group>"; };
		CDEF028D18B7EC33001BFD20 /* EVECharacter.m */ = {isa = PBXFileReference; fileEncoding = 4; lastKnownFileType = sourcecode.c.objc; name = EVECharacter.m; path = "EVE API Objects/Character/EVECharacter.m"; sourceTree = "<group>"; };
/* End PBXFileReference section */

/* Begin PBXFrameworksBuildPhase section */
		CD6CE95718B5C08300E66CC9 /* Frameworks */ = {
			isa = PBXFrameworksBuildPhase;
			buildActionMask = 2147483647;
			files = (
				CD6CE95E18B5C08300E66CC9 /* Cocoa.framework in Frameworks */,
			);
			runOnlyForDeploymentPostprocessing = 0;
		};
		CD6CE97B18B5C08300E66CC9 /* Frameworks */ = {
			isa = PBXFrameworksBuildPhase;
			buildActionMask = 2147483647;
			files = (
				CD6CE98118B5C08300E66CC9 /* Cocoa.framework in Frameworks */,
				CD6CE98018B5C08300E66CC9 /* XCTest.framework in Frameworks */,
			);
			runOnlyForDeploymentPostprocessing = 0;
		};
/* End PBXFrameworksBuildPhase section */

/* Begin PBXGroup section */
		CD364A1918B90EE100B65FA1 /* API Interface */ = {
			isa = PBXGroup;
			children = (
				CD364A1B18B9105600B65FA1 /* EVEApi.h */,
				CD364A1C18B9105600B65FA1 /* EVEApi.m */,
				CD7DEEE618B9377400A91624 /* EVECall.h */,
				CD7DEEE718B9377400A91624 /* EVECall.m */,
				CD7DEEE818B9377400A91624 /* EVECallGroup.h */,
				CD7DEEE918B9377400A91624 /* EVECallGroup.m */,
				CD7DEEEC18B93B8100A91624 /* EVECalls.h */,
				CD7DEEED18B93B8100A91624 /* EVECalls.m */,
				CD7DEEEF18B93F3A00A91624 /* EVECallGroups.h */,
				CD7DEEF018B93F3A00A91624 /* EVECallGroups.m */,
			);
			name = "API Interface";
			sourceTree = "<group>";
		};
		CD6CE95118B5C08300E66CC9 = {
			isa = PBXGroup;
			children = (
				CD6CE96318B5C08300E66CC9 /* Application  */,
				CD6CE98418B5C08300E66CC9 /* Application Tests */,
				CD6D11EA18B6D57E00DCECEC /* EVE API Interfaces */,
				CD6D11EB18B6D5B100DCECEC /* EVE API Objects */,
				CD6CE95C18B5C08300E66CC9 /* Frameworks */,
				CD6CE95B18B5C08300E66CC9 /* Products */,
				CD6CE99418B5C0BC00E66CC9 /* RestKit */,
				CD6CE99818B5C0C300E66CC9 /* XMLKit */,
			);
			sourceTree = "<group>";
		};
		CD6CE95B18B5C08300E66CC9 /* Products */ = {
			isa = PBXGroup;
			children = (
				CD6CE95A18B5C08300E66CC9 /* EVEApi Beta.app */,
				CD6CE97E18B5C08300E66CC9 /* EVEApi BetaTests.xctest */,
			);
			name = Products;
			sourceTree = "<group>";
		};
		CD6CE95C18B5C08300E66CC9 /* Frameworks */ = {
			isa = PBXGroup;
			children = (
				CD6CE95D18B5C08300E66CC9 /* Cocoa.framework */,
				CD6CE97F18B5C08300E66CC9 /* XCTest.framework */,
				CD6CE95F18B5C08300E66CC9 /* Other Frameworks */,
			);
			name = Frameworks;
			sourceTree = "<group>";
		};
		CD6CE95F18B5C08300E66CC9 /* Other Frameworks */ = {
			isa = PBXGroup;
			children = (
				CD6CE96018B5C08300E66CC9 /* AppKit.framework */,
				CD6CE96118B5C08300E66CC9 /* CoreData.framework */,
				CD6CE96218B5C08300E66CC9 /* Foundation.framework */,
			);
			name = "Other Frameworks";
			sourceTree = "<group>";
		};
		CD6CE96318B5C08300E66CC9 /* Application  */ = {
			isa = PBXGroup;
			children = (
				CD6CE96F18B5C08300E66CC9 /* AppDelegate.h */,
				CD6CE97018B5C08300E66CC9 /* AppDelegate.m */,
				CD6CE9AD18B5C10300E66CC9 /* EveAPI-Notes.txt */,
				CD6CE97518B5C08300E66CC9 /* EVEApi_Beta.xcdatamodeld */,
				CD6CE97818B5C08300E66CC9 /* Images.xcassets */,
				CD6CE97218B5C08300E66CC9 /* MainMenu.xib */,
				CD6CE9AE18B5C10300E66CC9 /* MainWindowController.h */,
				CD6CE9AF18B5C10300E66CC9 /* MainWindowController.m */,
				CD6CE9B018B5C10300E66CC9 /* MainWindowController.xib */,
				CD6CE96418B5C08300E66CC9 /* Supporting Files */,
			);
			name = "Application ";
			path = "EVEApi Beta";
			sourceTree = "<group>";
		};
		CD6CE96418B5C08300E66CC9 /* Supporting Files */ = {
			isa = PBXGroup;
			children = (
				CD6CE96518B5C08300E66CC9 /* EVEApi Beta-Info.plist */,
				CD6CE96618B5C08300E66CC9 /* InfoPlist.strings */,
				CD6CE96918B5C08300E66CC9 /* main.m */,
				CD6CE96B18B5C08300E66CC9 /* EVEApi Beta-Prefix.pch */,
				CD6CE96C18B5C08300E66CC9 /* Credits.rtf */,
			);
			name = "Supporting Files";
			sourceTree = "<group>";
		};
		CD6CE98418B5C08300E66CC9 /* Application Tests */ = {
			isa = PBXGroup;
			children = (
				CD6CE9AA18B5C0E400E66CC9 /* Test XML */,
				CD6CE98A18B5C08300E66CC9 /* EVEApi_BetaTests.m */,
				CD6CE98518B5C08300E66CC9 /* Supporting Files */,
			);
			name = "Application Tests";
			path = "EVEApi BetaTests";
			sourceTree = "<group>";
		};
		CD6CE98518B5C08300E66CC9 /* Supporting Files */ = {
			isa = PBXGroup;
			children = (
				CD6CE98618B5C08300E66CC9 /* EVEApi BetaTests-Info.plist */,
				CD6CE98718B5C08300E66CC9 /* InfoPlist.strings */,
			);
			name = "Supporting Files";
			sourceTree = "<group>";
		};
		CD6CE99418B5C0BC00E66CC9 /* RestKit */ = {
			isa = PBXGroup;
			children = (
				CD6CE99518B5C0BC00E66CC9 /* RKValueTransformers.h */,
				CD6CE99618B5C0BC00E66CC9 /* RKValueTransformers.m */,
			);
			path = RestKit;
			sourceTree = "<group>";
		};
		CD6CE99818B5C0C300E66CC9 /* XMLKit */ = {
			isa = PBXGroup;
			children = (
				CD6CE99918B5C0C300E66CC9 /* XKObjectBuilder.h */,
				CD6CE99A18B5C0C300E66CC9 /* XKObjectBuilder.m */,
				CD6CE99B18B5C0C300E66CC9 /* XKObjectDescriptor.h */,
				CD6CE99C18B5C0C300E66CC9 /* XKObjectDescriptor.m */,
				CD6CE99D18B5C0C300E66CC9 /* XKURLRequestOperation.h */,
				CD6CE99E18B5C0C300E66CC9 /* XKURLRequestOperation.m */,
				CD6CE99F18B5C0C300E66CC9 /* XKXMLSerialization.h */,
				CD6CE9A018B5C0C300E66CC9 /* XKXMLSerialization.m */,
				CD6CE9A118B5C0C300E66CC9 /* XMLKit.h */,
				CD6CE9A218B5C0C300E66CC9 /* XMLKitErrors.h */,
				CD6CE9A318B5C0C300E66CC9 /* XMLKitErrors.m */,
				CD6CE9A418B5C0C300E66CC9 /* XMLKitTypes.h */,
			);
			path = XMLKit;
			sourceTree = "<group>";
		};
		CD6CE9AA18B5C0E400E66CC9 /* Test XML */ = {
			isa = PBXGroup;
			children = (
				CD6CE9AB18B5C0E400E66CC9 /* EVEMailMessages.xml */,
			);
			path = "Test XML";
			sourceTree = "<group>";
		};
		CD6D11EA18B6D57E00DCECEC /* EVE API Interfaces */ = {
			isa = PBXGroup;
			children = (
				CD6D11ED18B6D61C00DCECEC /* Account */,
				CD6D11EC18B6D60100DCECEC /* API */,
				CD6D11EE18B6D63700DCECEC /* Character */,
				CD6D11EF18B6D63F00DCECEC /* Character/Corporation */,
				CD6D11F018B6D64300DCECEC /* Corporation */,
				CD6D11F118B6D64600DCECEC /* EVE */,
				CD6D11F218B6D64800DCECEC /* Map */,
				CD6D11F318B6D64A00DCECEC /* Server */,
			);
			name = "EVE API Interfaces";
			sourceTree = "<group>";
		};
		CD6D11EB18B6D5B100DCECEC /* EVE API Objects */ = {
			isa = PBXGroup;
			children = (
				CD364A1918B90EE100B65FA1 /* API Interface */,
				CD6D120518B6D71200DCECEC /* Account */,
				CD6D11F518B6D68900DCECEC /* Alliance */,
				CD6D11F818B6D69300DCECEC /* Assets/Items */,
				CD6D11F918B6D69500DCECEC /* Calendar */,
				CD6D11F618B6D68F00DCECEC /* Character */,
				CD6D11FB18B6D69900DCECEC /* Contacts */,
				CD6D11FC18B6D69B00DCECEC /* Contracts */,
				CD6D11FD18B6D69F00DCECEC /* Corporation */,
				CD6D11FA18B6D69700DCECEC /* EVE Statistics */,
				CD6D11F718B6D69100DCECEC /* EVE Types */,
				CD6D11FE18B6D6A100DCECEC /* Faction Warfare */,
				CD6D120218B6D6A800DCECEC /* Financial */,
				CD6D11FF18B6D6A300DCECEC /* Industry */,
				CD6D120018B6D6A400DCECEC /* Kills */,
				CD6D120118B6D6A600DCECEC /* Mail */,
				CD6D120318B6D6AA00DCECEC /* Ships */,
				CD6D120418B6D6AC00DCECEC /* Skills */,
			);
			name = "EVE API Objects";
			sourceTree = "<group>";
		};
		CD6D11EC18B6D60100DCECEC /* API */ = {
			isa = PBXGroup;
			children = (
				CD7DEEE018B9375F00A91624 /* EVECallList.h */,
				CD7DEEE118B9375F00A91624 /* EVECallList.m */,
				CD7DEEE218B9375F00A91624 /* EVEErrorList.h */,
				CD7DEEE318B9375F00A91624 /* EVEErrorList.m */,
			);
			name = API;
			sourceTree = "<group>";
		};
		CD6D11ED18B6D61C00DCECEC /* Account */ = {
			isa = PBXGroup;
			children = (
				CD6D120B18B6E77C00DCECEC /* EVEAccountCharacters.h */,
				CD6D120C18B6E77C00DCECEC /* EVEAccountCharacters.m */,
				CD364A1618B90D3200B65FA1 /* EVEAccountStatus.h */,
				CD364A1718B90D3200B65FA1 /* EVEAccountStatus.m */,
				CD65A2DF18B9256400F43C13 /* EVEApiKeyInformation.h */,
				CD65A2E018B9256400F43C13 /* EVEApiKeyInformation.m */,
			);
			name = Account;
			sourceTree = "<group>";
		};
		CD6D11EE18B6D63700DCECEC /* Character */ = {
			isa = PBXGroup;
			children = (
			);
			name = Character;
			sourceTree = "<group>";
		};
		CD6D11EF18B6D63F00DCECEC /* Character/Corporation */ = {
			isa = PBXGroup;
			children = (
			);
			name = Character/Corporation;
			sourceTree = "<group>";
		};
		CD6D11F018B6D64300DCECEC /* Corporation */ = {
			isa = PBXGroup;
			children = (
			);
			name = Corporation;
			sourceTree = "<group>";
		};
		CD6D11F118B6D64600DCECEC /* EVE */ = {
			isa = PBXGroup;
			children = (
				CD1E0CBE18BAC45300439258 /* EVECharacterInfo.h */,
				CD1E0CBF18BAC45300439258 /* EVECharacterInfo.m */,
				CD1E0CBB18BAB2CA00439258 /* EVECharacterNameToId.h */,
				CD1E0CBC18BAB2CA00439258 /* EVECharacterNameToId.m */,
				CD1E0CB818BAAF6B00439258 /* EVEConquerableStationList.h */,
				CD1E0CB918BAAF6B00439258 /* EVEConquerableStationList.m */,
				CD1E0CAF18BAA38B00439258 /* EVEReferenceTypes.h */,
				CD1E0CB018BAA38B00439258 /* EVEReferenceTypes.m */,
				CD1E0CA918BA94A800439258 /* EVETypeName.h */,
				CD1E0CAA18BA94A800439258 /* EVETypeName.m */,
				CD7DEEF218B94C6900A91624 /* EVEAllianceList.h */,
				CD7DEEF318B94C6900A91624 /* EVEAllianceList.m */,
			);
			name = EVE;
			sourceTree = "<group>";
		};
		CD6D11F218B6D64800DCECEC /* Map */ = {
			isa = PBXGroup;
			children = (
				CD7DEF1618BA77D800A91624 /* EVESovereignty.h */,
				CD7DEF1718BA77D800A91624 /* EVESovereignty.m */,
				CD7DEF1018BA70E600A91624 /* EVEKills.h */,
				CD7DEF1118BA70E600A91624 /* EVEKills.m */,
				CD7DEF0A18BA675C00A91624 /* EVEJumps.h */,
				CD7DEF0B18BA675C00A91624 /* EVEJumps.m */,
				CD7DEF0718BA622D00A91624 /* EVEFactionalWarfareSystems.h */,
				CD7DEF0818BA622D00A91624 /* EVEFactionalWarfareSystems.m */,
			);
			name = Map;
			sourceTree = "<group>";
		};
		CD6D11F318B6D64A00DCECEC /* Server */ = {
			isa = PBXGroup;
			children = (
				CD7DEF1C18BA8CBE00A91624 /* EVEServerStatus.h */,
				CD7DEF1D18BA8CBE00A91624 /* EVEServerStatus.m */,
			);
			name = Server;
			sourceTree = "<group>";
		};
		CD6D11F518B6D68900DCECEC /* Alliance */ = {
			isa = PBXGroup;
			children = (
				CD1E0CE818BAC87200439258 /* EVEAllianceId.h */,
				CD1E0CE918BAC87200439258 /* EVEAllianceId.m */,
				CD1E0CEA18BAC87200439258 /* EVEAllianceJoinDate.h */,
				CD1E0CEB18BAC87200439258 /* EVEAllianceJoinDate.m */,
				CD1E0CEC18BAC87200439258 /* EVEAllianceName.h */,
				CD1E0CED18BAC87200439258 /* EVEAllianceName.m */,
				CD7DEEF518B94C9300A91624 /* EVEAlliance.h */,
				CD7DEEF618B94C9300A91624 /* EVEAlliance.m */,
				CD7DEEFE18B9A09F00A91624 /* EVEAlliances.h */,
				CD7DEEFF18B9A09F00A91624 /* EVEAlliances.m */,
			);
			name = Alliance;
			sourceTree = "<group>";
		};
		CD6D11F618B6D68F00DCECEC /* Character */ = {
			isa = PBXGroup;
			children = (
				CD1E0CFA18BACA1900439258 /* EVECharacterName.h */,
				CD1E0CFB18BACA1900439258 /* EVECharacterName.m */,
				CD1E0CF118BAC8E800439258 /* EVEEmploymentHistoryRecord.h */,
				CD1E0CF218BAC8E800439258 /* EVEEmploymentHistoryRecord.m */,
				CD1E0CF318BAC8E800439258 /* EVELastKnownLocation.h */,
				CD1E0CF418BAC8E800439258 /* EVELastKnownLocation.m */,
				CD1E0CF518BAC8E800439258 /* EVESecurityStatus.h */,
				CD1E0CF618BAC8E800439258 /* EVESecurityStatus.m */,
				CD1E0CD018BAC74600439258 /* EVECloneSkillPoints.h */,
				CD1E0CD118BAC74600439258 /* EVECloneSkillPoints.m */,
				CD1E0CC718BAC4D500439258 /* EVEBloodLine.h */,
				CD1E0CC818BAC4D500439258 /* EVEBloodLine.m */,
				CD1E0CC918BAC4D500439258 /* EVERace.h */,
				CD1E0CCA18BAC4D500439258 /* EVERace.m */,
				CD1E0CC118BAC46800439258 /* EVECharacterId.h */,
				CD1E0CC218BAC46800439258 /* EVECharacterId.m */,
				CDEF028C18B7EC33001BFD20 /* EVECharacter.h */,
				CDEF028D18B7EC33001BFD20 /* EVECharacter.m */,
			);
			name = Character;
			sourceTree = "<group>";
		};
		CD6D11F718B6D69100DCECEC /* EVE Types */ = {
			isa = PBXGroup;
			children = (
				CD6D120E18B6E9C900DCECEC /* EVEApiObject.h */,
				CD6D120F18B6E9C900DCECEC /* EVEApiObject.m */,
				CD6D122318B6EB3800DCECEC /* EVEError.h */,
				CD6D122418B6EB3800DCECEC /* EVEError.m */,
				CD6D121618B6EAE900DCECEC /* EVEBool.h */,
				CD6D121718B6EAE900DCECEC /* EVEBool.m */,
				CD6D121818B6EAE900DCECEC /* EVEDate.h */,
				CD6D121918B6EAE900DCECEC /* EVEDate.m */,
				CD6D121A18B6EAE900DCECEC /* EVENumber.h */,
				CD6D121B18B6EAE900DCECEC /* EVENumber.m */,
				CD6D121C18B6EAE900DCECEC /* EVEString.h */,
				CD6D121D18B6EAE900DCECEC /* EVEString.m */,
				CD6D121018B6E9C900DCECEC /* EVEObject.h */,
				CD6D121118B6E9C900DCECEC /* EVEObject.m */,
			);
			name = "EVE Types";
			sourceTree = "<group>";
		};
		CD6D11F818B6D69300DCECEC /* Assets/Items */ = {
			isa = PBXGroup;
			children = (
			);
			name = Assets/Items;
			sourceTree = "<group>";
		};
		CD6D11F918B6D69500DCECEC /* Calendar */ = {
			isa = PBXGroup;
			children = (
			);
			name = Calendar;
			sourceTree = "<group>";
		};
		CD6D11FA18B6D69700DCECEC /* EVE Statistics */ = {
			isa = PBXGroup;
			children = (
				CD1E0CB518BAAF1700439258 /* EVEConquerableStation.h */,
				CD1E0CB618BAAF1700439258 /* EVEConquerableStation.m */,
				CD1E0CB218BAA39900439258 /* EVEReferenceType.h */,
				CD1E0CB318BAA39900439258 /* EVEReferenceType.m */,
				CD1E0CAC18BA94B300439258 /* EVEType.h */,
				CD1E0CAD18BA94B300439258 /* EVEType.m */,
				CD7DEF1F18BA8CF400A91624 /* EVEPlayersOnline.h */,
				CD7DEF2018BA8CF400A91624 /* EVEPlayersOnline.m */,
				CD7DEF2118BA8CF400A91624 /* EVEServerState.h */,
				CD7DEF2218BA8CF400A91624 /* EVEServerState.m */,
				CD7DEF1918BA77EA00A91624 /* EVESolarSystemSovereignty.h */,
				CD7DEF1A18BA77EA00A91624 /* EVESolarSystemSovereignty.m */,
				CD7DEF1318BA710000A91624 /* EVESolarSystemKills.h */,
				CD7DEF1418BA710000A91624 /* EVESolarSystemKills.m */,
				CD7DEF0D18BA677900A91624 /* EVESolarSystemJumps.h */,
				CD7DEF0E18BA677900A91624 /* EVESolarSystemJumps.m */,
			);
			name = "EVE Statistics";
			sourceTree = "<group>";
		};
		CD6D11FB18B6D69900DCECEC /* Contacts */ = {
			isa = PBXGroup;
			children = (
			);
			name = Contacts;
			sourceTree = "<group>";
		};
		CD6D11FC18B6D69B00DCECEC /* Contracts */ = {
			isa = PBXGroup;
			children = (
			);
			name = Contracts;
			sourceTree = "<group>";
		};
		CD6D11FD18B6D69F00DCECEC /* Corporation */ = {
			isa = PBXGroup;
			children = (
				CD1E0CDF18BAC82C00439258 /* EVECorporationId.h */,
				CD1E0CE018BAC82C00439258 /* EVECorporationId.m */,
				CD1E0CE118BAC82C00439258 /* EVECorporationJoinDate.h */,
				CD1E0CE218BAC82C00439258 /* EVECorporationJoinDate.m */,
				CD1E0CE318BAC82C00439258 /* EVECorporationName.h */,
				CD1E0CE418BAC82C00439258 /* EVECorporationName.m */,
				CD7DEF0118B9A0F700A91624 /* EVECorporations.h */,
				CD7DEF0218B9A0F700A91624 /* EVECorporations.m */,
				CD7DEEF818B94CA400A91624 /* EVECorporation.h */,
				CD7DEEF918B94CA400A91624 /* EVECorporation.m */,
			);
			name = Corporation;
			sourceTree = "<group>";
		};
		CD6D11FE18B6D6A100DCECEC /* Faction Warfare */ = {
			isa = PBXGroup;
			children = (
				CD7DEF0418BA621D00A91624 /* EVESolarSystemFactionWarfareStatus.h */,
				CD7DEF0518BA621D00A91624 /* EVESolarSystemFactionWarfareStatus.m */,
			);
			name = "Faction Warfare";
			sourceTree = "<group>";
		};
		CD6D11FF18B6D6A300DCECEC /* Industry */ = {
			isa = PBXGroup;
			children = (
			);
			name = Industry;
			sourceTree = "<group>";
		};
		CD6D120018B6D6A400DCECEC /* Kills */ = {
			isa = PBXGroup;
			children = (
			);
			name = Kills;
			sourceTree = "<group>";
		};
		CD6D120118B6D6A600DCECEC /* Mail */ = {
			isa = PBXGroup;
			children = (
			);
			name = Mail;
			sourceTree = "<group>";
		};
		CD6D120218B6D6A800DCECEC /* Financial */ = {
			isa = PBXGroup;
			children = (
				CD1E0CCD18BAC52500439258 /* EVEWalletBalance.h */,
				CD1E0CCE18BAC52500439258 /* EVEWalletBalance.m */,
			);
			name = Financial;
			sourceTree = "<group>";
		};
		CD6D120318B6D6AA00DCECEC /* Ships */ = {
			isa = PBXGroup;
			children = (
				CD1E0CD618BAC7E900439258 /* EVEShipName.h */,
				CD1E0CD718BAC7E900439258 /* EVEShipName.m */,
				CD1E0CD818BAC7E900439258 /* EVEShipTypeId.h */,
				CD1E0CD918BAC7E900439258 /* EVEShipTypeId.m */,
				CD1E0CDA18BAC7E900439258 /* EVEShipTypeName.h */,
				CD1E0CDB18BAC7E900439258 /* EVEShipTypeName.m */,
			);
			name = Ships;
			sourceTree = "<group>";
		};
		CD6D120418B6D6AC00DCECEC /* Skills */ = {
			isa = PBXGroup;
			children = (
				CD1E0CD318BAC7D600439258 /* EVESkillInTraningEnds.h */,
				CD1E0CD418BAC7D600439258 /* EVESkillInTraningEnds.m */,
			);
			name = Skills;
			sourceTree = "<group>";
		};
		CD6D120518B6D71200DCECEC /* Account */ = {
			isa = PBXGroup;
			children = (
				CD65A2E218B9257C00F43C13 /* EVEApiKey.h */,
				CD65A2E318B9257C00F43C13 /* EVEApiKey.m */,
				CD364A1E18B9108500B65FA1 /* EVEAccountCreationDate.h */,
				CD364A1F18B9108500B65FA1 /* EVEAccountCreationDate.m */,
				CD364A2018B9108500B65FA1 /* EVEAccountExpirationDate.h */,
				CD364A2118B9108500B65FA1 /* EVEAccountExpirationDate.m */,
				CD364A2218B9108500B65FA1 /* EVEAccountLogonCount.h */,
				CD364A2318B9108500B65FA1 /* EVEAccountLogonCount.m */,
				CD364A2418B9108500B65FA1 /* EVEAccountTotalMinutesPlayed.h */,
				CD364A2518B9108500B65FA1 /* EVEAccountTotalMinutesPlayed.m */,
			);
			name = Account;
			sourceTree = "<group>";
		};
/* End PBXGroup section */

/* Begin PBXNativeTarget section */
		CD6CE95918B5C08300E66CC9 /* EVEApi Beta */ = {
			isa = PBXNativeTarget;
			buildConfigurationList = CD6CE98E18B5C08300E66CC9 /* Build configuration list for PBXNativeTarget "EVEApi Beta" */;
			buildPhases = (
				CD6CE95618B5C08300E66CC9 /* Sources */,
				CD6CE95718B5C08300E66CC9 /* Frameworks */,
				CD6CE95818B5C08300E66CC9 /* Resources */,
			);
			buildRules = (
			);
			dependencies = (
			);
			name = "EVEApi Beta";
			productName = "EVEApi Beta";
			productReference = CD6CE95A18B5C08300E66CC9 /* EVEApi Beta.app */;
			productType = "com.apple.product-type.application";
		};
		CD6CE97D18B5C08300E66CC9 /* EVEApi BetaTests */ = {
			isa = PBXNativeTarget;
			buildConfigurationList = CD6CE99118B5C08300E66CC9 /* Build configuration list for PBXNativeTarget "EVEApi BetaTests" */;
			buildPhases = (
				CD6CE97A18B5C08300E66CC9 /* Sources */,
				CD6CE97B18B5C08300E66CC9 /* Frameworks */,
				CD6CE97C18B5C08300E66CC9 /* Resources */,
			);
			buildRules = (
			);
			dependencies = (
				CD6CE98318B5C08300E66CC9 /* PBXTargetDependency */,
			);
			name = "EVEApi BetaTests";
			productName = "EVEApi BetaTests";
			productReference = CD6CE97E18B5C08300E66CC9 /* EVEApi BetaTests.xctest */;
			productType = "com.apple.product-type.bundle.unit-test";
		};
/* End PBXNativeTarget section */

/* Begin PBXProject section */
		CD6CE95218B5C08300E66CC9 /* Project object */ = {
			isa = PBXProject;
			attributes = {
				LastUpgradeCheck = 0500;
				ORGANIZATIONNAME = "D-Squared Productions";
				TargetAttributes = {
					CD6CE97D18B5C08300E66CC9 = {
						TestTargetID = CD6CE95918B5C08300E66CC9;
					};
				};
			};
			buildConfigurationList = CD6CE95518B5C08300E66CC9 /* Build configuration list for PBXProject "EVEApi Beta" */;
			compatibilityVersion = "Xcode 3.2";
			developmentRegion = English;
			hasScannedForEncodings = 0;
			knownRegions = (
				en,
				Base,
			);
			mainGroup = CD6CE95118B5C08300E66CC9;
			productRefGroup = CD6CE95B18B5C08300E66CC9 /* Products */;
			projectDirPath = "";
			projectRoot = "";
			targets = (
				CD6CE95918B5C08300E66CC9 /* EVEApi Beta */,
				CD6CE97D18B5C08300E66CC9 /* EVEApi BetaTests */,
			);
		};
/* End PBXProject section */

/* Begin PBXResourcesBuildPhase section */
		CD6CE95818B5C08300E66CC9 /* Resources */ = {
			isa = PBXResourcesBuildPhase;
			buildActionMask = 2147483647;
			files = (
				CD6CE96818B5C08300E66CC9 /* InfoPlist.strings in Resources */,
				CD6CE97918B5C08300E66CC9 /* Images.xcassets in Resources */,
				CD6CE9B118B5C10300E66CC9 /* EveAPI-Notes.txt in Resources */,
				CD6CE96E18B5C08300E66CC9 /* Credits.rtf in Resources */,
				CD6CE9B318B5C10300E66CC9 /* MainWindowController.xib in Resources */,
				CD6CE97418B5C08300E66CC9 /* MainMenu.xib in Resources */,
			);
			runOnlyForDeploymentPostprocessing = 0;
		};
		CD6CE97C18B5C08300E66CC9 /* Resources */ = {
			isa = PBXResourcesBuildPhase;
			buildActionMask = 2147483647;
			files = (
				CD6CE98918B5C08300E66CC9 /* InfoPlist.strings in Resources */,
				CD6CE9AC18B5C0E400E66CC9 /* EVEMailMessages.xml in Resources */,
			);
			runOnlyForDeploymentPostprocessing = 0;
		};
/* End PBXResourcesBuildPhase section */

/* Begin PBXSourcesBuildPhase section */
		CD6CE95618B5C08300E66CC9 /* Sources */ = {
			isa = PBXSourcesBuildPhase;
			buildActionMask = 2147483647;
			files = (
				CD7DEEF118B93F3A00A91624 /* EVECallGroups.m in Sources */,
				CD7DEF1B18BA77EA00A91624 /* EVESolarSystemSovereignty.m in Sources */,
				CD6CE9B218B5C10300E66CC9 /* MainWindowController.m in Sources */,
				CD7DEF0618BA621D00A91624 /* EVESolarSystemFactionWarfareStatus.m in Sources */,
				CD1E0CE718BAC82C00439258 /* EVECorporationName.m in Sources */,
				CD7DEF0F18BA677900A91624 /* EVESolarSystemJumps.m in Sources */,
				CD6D121F18B6EAE900DCECEC /* EVEBool.m in Sources */,
				CD7DEEFA18B94CA400A91624 /* EVECorporation.m in Sources */,
				CDEF028E18B7EC33001BFD20 /* EVECharacter.m in Sources */,
				CD6D122018B6EAE900DCECEC /* EVEDate.m in Sources */,
				CD364A1818B90D3200B65FA1 /* EVEAccountStatus.m in Sources */,
				CD1E0CFC18BACA1900439258 /* EVECharacterName.m in Sources */,
				CD7DEF2418BA8CF400A91624 /* EVEServerState.m in Sources */,
				CD7DEF0918BA622D00A91624 /* EVEFactionalWarfareSystems.m in Sources */,
				CD1E0CC018BAC45300439258 /* EVECharacterInfo.m in Sources */,
				CD1E0CDE18BAC7E900439258 /* EVEShipTypeName.m in Sources */,
				CD1E0CDC18BAC7E900439258 /* EVEShipName.m in Sources */,
				CD7DEF0318B9A0F700A91624 /* EVECorporations.m in Sources */,
				CD6CE99718B5C0BC00E66CC9 /* RKValueTransformers.m in Sources */,
				CD6CE9A818B5C0C300E66CC9 /* XKXMLSerialization.m in Sources */,
				CD1E0CCF18BAC52500439258 /* EVEWalletBalance.m in Sources */,
				CD6D122518B6EB3800DCECEC /* EVEError.m in Sources */,
				CD6CE9A518B5C0C300E66CC9 /* XKObjectBuilder.m in Sources */,
				CD7DEEE518B9375F00A91624 /* EVEErrorList.m in Sources */,
				CD1E0CB118BAA38B00439258 /* EVEReferenceTypes.m in Sources */,
				CD1E0CCC18BAC4D500439258 /* EVERace.m in Sources */,
				CD6CE9A918B5C0C300E66CC9 /* XMLKitErrors.m in Sources */,
				CD7DEF2318BA8CF400A91624 /* EVEPlayersOnline.m in Sources */,
				CD364A2918B9108500B65FA1 /* EVEAccountTotalMinutesPlayed.m in Sources */,
				CD7DEF1818BA77D800A91624 /* EVESovereignty.m in Sources */,
				CD1E0CD218BAC74600439258 /* EVECloneSkillPoints.m in Sources */,
				CD1E0CF718BAC8E800439258 /* EVEEmploymentHistoryRecord.m in Sources */,
				CD6CE97718B5C08300E66CC9 /* EVEApi_Beta.xcdatamodeld in Sources */,
				CD1E0CEF18BAC87200439258 /* EVEAllianceJoinDate.m in Sources */,
				CD1E0CF018BAC87200439258 /* EVEAllianceName.m in Sources */,
				CD1E0CF918BAC8E800439258 /* EVESecurityStatus.m in Sources */,
				CD7DEEE418B9375F00A91624 /* EVECallList.m in Sources */,
				CD6D122218B6EAE900DCECEC /* EVEString.m in Sources */,
				CD1E0CDD18BAC7E900439258 /* EVEShipTypeId.m in Sources */,
				CD1E0CAE18BA94B300439258 /* EVEType.m in Sources */,
				CD6D121318B6E9C900DCECEC /* EVEObject.m in Sources */,
				CD6D122118B6EAE900DCECEC /* EVENumber.m in Sources */,
				CD7DEF1E18BA8CBE00A91624 /* EVEServerStatus.m in Sources */,
				CD1E0CE618BAC82C00439258 /* EVECorporationJoinDate.m in Sources */,
				CD65A2E418B9257C00F43C13 /* EVEApiKey.m in Sources */,
				CD1E0CBD18BAB2CA00439258 /* EVECharacterNameToId.m in Sources */,
				CD1E0CD518BAC7D600439258 /* EVESkillInTraningEnds.m in Sources */,
				CD6CE97118B5C08300E66CC9 /* AppDelegate.m in Sources */,
				CD364A1D18B9105600B65FA1 /* EVEApi.m in Sources */,
				CD7DEF0018B9A09F00A91624 /* EVEAlliances.m in Sources */,
				CD7DEEEE18B93B8100A91624 /* EVECalls.m in Sources */,
				CD1E0CC518BAC46800439258 /* EVECharacterId.m in Sources */,
				CD7DEEEB18B9377400A91624 /* EVECallGroup.m in Sources */,
				CD364A2718B9108500B65FA1 /* EVEAccountExpirationDate.m in Sources */,
				CD7DEEF718B94C9300A91624 /* EVEAlliance.m in Sources */,
				CD6CE9A618B5C0C300E66CC9 /* XKObjectDescriptor.m in Sources */,
				CD7DEF0C18BA675C00A91624 /* EVEJumps.m in Sources */,
				CD7DEEEA18B9377400A91624 /* EVECall.m in Sources */,
				CD6CE96A18B5C08300E66CC9 /* main.m in Sources */,
				CD7DEF1218BA70E600A91624 /* EVEKills.m in Sources */,
				CD1E0CE518BAC82C00439258 /* EVECorporationId.m in Sources */,
				CD1E0CEE18BAC87200439258 /* EVEAllianceId.m in Sources */,
				CD1E0CAB18BA94A800439258 /* EVETypeName.m in Sources */,
				CD1E0CF818BAC8E800439258 /* EVELastKnownLocation.m in Sources */,
				CD6D120D18B6E77C00DCECEC /* EVEAccountCharacters.m in Sources */,
				CD7DEF1518BA710000A91624 /* EVESolarSystemKills.m in Sources */,
				CD6D121218B6E9C900DCECEC /* EVEApiObject.m in Sources */,
				CD1E0CB418BAA39A00439258 /* EVEReferenceType.m in Sources */,
				CD65A2E118B9256400F43C13 /* EVEApiKeyInformation.m in Sources */,
				CD1E0CCB18BAC4D500439258 /* EVEBloodLine.m in Sources */,
				CD1E0CB718BAAF1700439258 /* EVEConquerableStation.m in Sources */,
				CD6CE9A718B5C0C300E66CC9 /* XKURLRequestOperation.m in Sources */,
				CD364A2818B9108500B65FA1 /* EVEAccountLogonCount.m in Sources */,
				CD364A2618B9108500B65FA1 /* EVEAccountCreationDate.m in Sources */,
				CD7DEEF418B94C6900A91624 /* EVEAllianceList.m in Sources */,
				CD1E0CBA18BAAF6B00439258 /* EVEConquerableStationList.m in Sources */,
			);
			runOnlyForDeploymentPostprocessing = 0;
		};
		CD6CE97A18B5C08300E66CC9 /* Sources */ = {
			isa = PBXSourcesBuildPhase;
			buildActionMask = 2147483647;
			files = (
				CD6CE98B18B5C08300E66CC9 /* EVEApi_BetaTests.m in Sources */,
			);
			runOnlyForDeploymentPostprocessing = 0;
		};
/* End PBXSourcesBuildPhase section */

/* Begin PBXTargetDependency section */
		CD6CE98318B5C08300E66CC9 /* PBXTargetDependency */ = {
			isa = PBXTargetDependency;
			target = CD6CE95918B5C08300E66CC9 /* EVEApi Beta */;
			targetProxy = CD6CE98218B5C08300E66CC9 /* PBXContainerItemProxy */;
		};
/* End PBXTargetDependency section */

/* Begin PBXVariantGroup section */
		CD6CE96618B5C08300E66CC9 /* InfoPlist.strings */ = {
			isa = PBXVariantGroup;
			children = (
				CD6CE96718B5C08300E66CC9 /* en */,
			);
			name = InfoPlist.strings;
			sourceTree = "<group>";
		};
		CD6CE96C18B5C08300E66CC9 /* Credits.rtf */ = {
			isa = PBXVariantGroup;
			children = (
				CD6CE96D18B5C08300E66CC9 /* en */,
			);
			name = Credits.rtf;
			sourceTree = "<group>";
		};
		CD6CE97218B5C08300E66CC9 /* MainMenu.xib */ = {
			isa = PBXVariantGroup;
			children = (
				CD6CE97318B5C08300E66CC9 /* Base */,
			);
			name = MainMenu.xib;
			sourceTree = "<group>";
		};
		CD6CE98718B5C08300E66CC9 /* InfoPlist.strings */ = {
			isa = PBXVariantGroup;
			children = (
				CD6CE98818B5C08300E66CC9 /* en */,
			);
			name = InfoPlist.strings;
			sourceTree = "<group>";
		};
/* End PBXVariantGroup section */

/* Begin XCBuildConfiguration section */
		CD6CE98C18B5C08300E66CC9 /* Debug */ = {
			isa = XCBuildConfiguration;
			buildSettings = {
				ALWAYS_SEARCH_USER_PATHS = NO;
				CLANG_CXX_LANGUAGE_STANDARD = "gnu++0x";
				CLANG_CXX_LIBRARY = "libc++";
				CLANG_ENABLE_OBJC_ARC = YES;
				CLANG_WARN_BOOL_CONVERSION = YES;
				CLANG_WARN_CONSTANT_CONVERSION = YES;
				CLANG_WARN_DIRECT_OBJC_ISA_USAGE = YES_ERROR;
				CLANG_WARN_EMPTY_BODY = YES;
				CLANG_WARN_ENUM_CONVERSION = YES;
				CLANG_WARN_INT_CONVERSION = YES;
				CLANG_WARN_OBJC_ROOT_CLASS = YES_ERROR;
				CLANG_WARN__DUPLICATE_METHOD_MATCH = YES;
				COPY_PHASE_STRIP = NO;
				GCC_C_LANGUAGE_STANDARD = gnu99;
				GCC_DYNAMIC_NO_PIC = NO;
				GCC_ENABLE_OBJC_EXCEPTIONS = YES;
				GCC_OPTIMIZATION_LEVEL = 0;
				GCC_PREPROCESSOR_DEFINITIONS = (
					"DEBUG=1",
					"$(inherited)",
				);
				GCC_SYMBOLS_PRIVATE_EXTERN = NO;
				GCC_WARN_64_TO_32_BIT_CONVERSION = YES;
				GCC_WARN_ABOUT_RETURN_TYPE = YES_ERROR;
				GCC_WARN_UNDECLARED_SELECTOR = YES;
				GCC_WARN_UNINITIALIZED_AUTOS = YES;
				GCC_WARN_UNUSED_FUNCTION = YES;
				GCC_WARN_UNUSED_VARIABLE = YES;
				MACOSX_DEPLOYMENT_TARGET = 10.9;
				ONLY_ACTIVE_ARCH = YES;
				SDKROOT = macosx;
			};
			name = Debug;
		};
		CD6CE98D18B5C08300E66CC9 /* Release */ = {
			isa = XCBuildConfiguration;
			buildSettings = {
				ALWAYS_SEARCH_USER_PATHS = NO;
				CLANG_CXX_LANGUAGE_STANDARD = "gnu++0x";
				CLANG_CXX_LIBRARY = "libc++";
				CLANG_ENABLE_OBJC_ARC = YES;
				CLANG_WARN_BOOL_CONVERSION = YES;
				CLANG_WARN_CONSTANT_CONVERSION = YES;
				CLANG_WARN_DIRECT_OBJC_ISA_USAGE = YES_ERROR;
				CLANG_WARN_EMPTY_BODY = YES;
				CLANG_WARN_ENUM_CONVERSION = YES;
				CLANG_WARN_INT_CONVERSION = YES;
				CLANG_WARN_OBJC_ROOT_CLASS = YES_ERROR;
				CLANG_WARN__DUPLICATE_METHOD_MATCH = YES;
				COPY_PHASE_STRIP = YES;
				DEBUG_INFORMATION_FORMAT = "dwarf-with-dsym";
				ENABLE_NS_ASSERTIONS = NO;
				GCC_C_LANGUAGE_STANDARD = gnu99;
				GCC_ENABLE_OBJC_EXCEPTIONS = YES;
				GCC_WARN_64_TO_32_BIT_CONVERSION = YES;
				GCC_WARN_ABOUT_RETURN_TYPE = YES_ERROR;
				GCC_WARN_UNDECLARED_SELECTOR = YES;
				GCC_WARN_UNINITIALIZED_AUTOS = YES;
				GCC_WARN_UNUSED_FUNCTION = YES;
				GCC_WARN_UNUSED_VARIABLE = YES;
				MACOSX_DEPLOYMENT_TARGET = 10.9;
				SDKROOT = macosx;
			};
			name = Release;
		};
		CD6CE98F18B5C08300E66CC9 /* Debug */ = {
			isa = XCBuildConfiguration;
			buildSettings = {
				ASSETCATALOG_COMPILER_APPICON_NAME = AppIcon;
				COMBINE_HIDPI_IMAGES = YES;
				GCC_PRECOMPILE_PREFIX_HEADER = YES;
				GCC_PREFIX_HEADER = "EVEApi Beta/EVEApi Beta-Prefix.pch";
				INFOPLIST_FILE = "EVEApi Beta/EVEApi Beta-Info.plist";
				PRODUCT_NAME = "$(TARGET_NAME)";
				WRAPPER_EXTENSION = app;
			};
			name = Debug;
		};
		CD6CE99018B5C08300E66CC9 /* Release */ = {
			isa = XCBuildConfiguration;
			buildSettings = {
				ASSETCATALOG_COMPILER_APPICON_NAME = AppIcon;
				COMBINE_HIDPI_IMAGES = YES;
				GCC_PRECOMPILE_PREFIX_HEADER = YES;
				GCC_PREFIX_HEADER = "EVEApi Beta/EVEApi Beta-Prefix.pch";
				INFOPLIST_FILE = "EVEApi Beta/EVEApi Beta-Info.plist";
				PRODUCT_NAME = "$(TARGET_NAME)";
				WRAPPER_EXTENSION = app;
			};
			name = Release;
		};
		CD6CE99218B5C08300E66CC9 /* Debug */ = {
			isa = XCBuildConfiguration;
			buildSettings = {
				BUNDLE_LOADER = "$(BUILT_PRODUCTS_DIR)/EVEApi Beta.app/Contents/MacOS/EVEApi Beta";
				COMBINE_HIDPI_IMAGES = YES;
				FRAMEWORK_SEARCH_PATHS = (
					"$(DEVELOPER_FRAMEWORKS_DIR)",
					"$(inherited)",
				);
				GCC_PRECOMPILE_PREFIX_HEADER = YES;
				GCC_PREFIX_HEADER = "EVEApi Beta/EVEApi Beta-Prefix.pch";
				GCC_PREPROCESSOR_DEFINITIONS = (
					"DEBUG=1",
					"$(inherited)",
				);
				INFOPLIST_FILE = "EVEApi BetaTests/EVEApi BetaTests-Info.plist";
				PRODUCT_NAME = "$(TARGET_NAME)";
				TEST_HOST = "$(BUNDLE_LOADER)";
				WRAPPER_EXTENSION = xctest;
			};
			name = Debug;
		};
		CD6CE99318B5C08300E66CC9 /* Release */ = {
			isa = XCBuildConfiguration;
			buildSettings = {
				BUNDLE_LOADER = "$(BUILT_PRODUCTS_DIR)/EVEApi Beta.app/Contents/MacOS/EVEApi Beta";
				COMBINE_HIDPI_IMAGES = YES;
				FRAMEWORK_SEARCH_PATHS = (
					"$(DEVELOPER_FRAMEWORKS_DIR)",
					"$(inherited)",
				);
				GCC_PRECOMPILE_PREFIX_HEADER = YES;
				GCC_PREFIX_HEADER = "EVEApi Beta/EVEApi Beta-Prefix.pch";
				INFOPLIST_FILE = "EVEApi BetaTests/EVEApi BetaTests-Info.plist";
				PRODUCT_NAME = "$(TARGET_NAME)";
				TEST_HOST = "$(BUNDLE_LOADER)";
				WRAPPER_EXTENSION = xctest;
			};
			name = Release;
		};
/* End XCBuildConfiguration section */

/* Begin XCConfigurationList section */
		CD6CE95518B5C08300E66CC9 /* Build configuration list for PBXProject "EVEApi Beta" */ = {
			isa = XCConfigurationList;
			buildConfigurations = (
				CD6CE98C18B5C08300E66CC9 /* Debug */,
				CD6CE98D18B5C08300E66CC9 /* Release */,
			);
			defaultConfigurationIsVisible = 0;
			defaultConfigurationName = Release;
		};
		CD6CE98E18B5C08300E66CC9 /* Build configuration list for PBXNativeTarget "EVEApi Beta" */ = {
			isa = XCConfigurationList;
			buildConfigurations = (
				CD6CE98F18B5C08300E66CC9 /* Debug */,
				CD6CE99018B5C08300E66CC9 /* Release */,
			);
			defaultConfigurationIsVisible = 0;
			defaultConfigurationName = Release;
		};
		CD6CE99118B5C08300E66CC9 /* Build configuration list for PBXNativeTarget "EVEApi BetaTests" */ = {
			isa = XCConfigurationList;
			buildConfigurations = (
				CD6CE99218B5C08300E66CC9 /* Debug */,
				CD6CE99318B5C08300E66CC9 /* Release */,
			);
			defaultConfigurationIsVisible = 0;
			defaultConfigurationName = Release;
		};
/* End XCConfigurationList section */

/* Begin XCVersionGroup section */
		CD6CE97518B5C08300E66CC9 /* EVEApi_Beta.xcdatamodeld */ = {
			isa = XCVersionGroup;
			children = (
				CD6CE97618B5C08300E66CC9 /* EVEApi_Beta.xcdatamodel */,
			);
			currentVersion = CD6CE97618B5C08300E66CC9 /* EVEApi_Beta.xcdatamodel */;
			path = EVEApi_Beta.xcdatamodeld;
			sourceTree = "<group>";
			versionGroupType = wrapper.xcdatamodel;
		};
/* End XCVersionGroup section */
	};
	rootObject = CD6CE95218B5C08300E66CC9 /* Project object */;
}
