// !$*UTF8*$!
{
	archiveVersion = 1;
	classes = {
	};
	objectVersion = 46;
	objects = {

/* Begin PBXBuildFile section */
		CD6CE95E18B5C08300E66CC9 /* Cocoa.framework in Frameworks */ = {isa = PBXBuildFile; fileRef = CD6CE95D18B5C08300E66CC9 /* Cocoa.framework */; };
		CD6CE96818B5C08300E66CC9 /* InfoPlist.strings in Resources */ = {isa = PBXBuildFile; fileRef = CD6CE96618B5C08300E66CC9 /* InfoPlist.strings */; };
		CD6CE96A18B5C08300E66CC9 /* main.m in Sources */ = {isa = PBXBuildFile; fileRef = CD6CE96918B5C08300E66CC9 /* main.m */; };
		CD6CE96E18B5C08300E66CC9 /* Credits.rtf in Resources */ = {isa = PBXBuildFile; fileRef = CD6CE96C18B5C08300E66CC9 /* Credits.rtf */; };
		CD6CE97118B5C08300E66CC9 /* AppDelegate.m in Sources */ = {isa = PBXBuildFile; fileRef = CD6CE97018B5C08300E66CC9 /* AppDelegate.m */; };
		CD6CE97418B5C08300E66CC9 /* MainMenu.xib in Resources */ = {isa = PBXBuildFile; fileRef = CD6CE97218B5C08300E66CC9 /* MainMenu.xib */; };
		CD6CE97718B5C08300E66CC9 /* EVEApi_Beta.xcdatamodeld in Sources */ = {isa = PBXBuildFile; fileRef = CD6CE97518B5C08300E66CC9 /* EVEApi_Beta.xcdatamodeld */; };
		CD6CE97918B5C08300E66CC9 /* Images.xcassets in Resources */ = {isa = PBXBuildFile; fileRef = CD6CE97818B5C08300E66CC9 /* Images.xcassets */; };
		CD6CE98018B5C08300E66CC9 /* XCTest.framework in Frameworks */ = {isa = PBXBuildFile; fileRef = CD6CE97F18B5C08300E66CC9 /* XCTest.framework */; };
		CD6CE98118B5C08300E66CC9 /* Cocoa.framework in Frameworks */ = {isa = PBXBuildFile; fileRef = CD6CE95D18B5C08300E66CC9 /* Cocoa.framework */; };
		CD6CE98918B5C08300E66CC9 /* InfoPlist.strings in Resources */ = {isa = PBXBuildFile; fileRef = CD6CE98718B5C08300E66CC9 /* InfoPlist.strings */; };
		CD6CE98B18B5C08300E66CC9 /* EVEApi_BetaTests.m in Sources */ = {isa = PBXBuildFile; fileRef = CD6CE98A18B5C08300E66CC9 /* EVEApi_BetaTests.m */; };
		CD6CE99718B5C0BC00E66CC9 /* RKValueTransformers.m in Sources */ = {isa = PBXBuildFile; fileRef = CD6CE99618B5C0BC00E66CC9 /* RKValueTransformers.m */; };
		CD6CE9A518B5C0C300E66CC9 /* XKObjectBuilder.m in Sources */ = {isa = PBXBuildFile; fileRef = CD6CE99A18B5C0C300E66CC9 /* XKObjectBuilder.m */; };
		CD6CE9A618B5C0C300E66CC9 /* XKObjectDescriptor.m in Sources */ = {isa = PBXBuildFile; fileRef = CD6CE99C18B5C0C300E66CC9 /* XKObjectDescriptor.m */; };
		CD6CE9A718B5C0C300E66CC9 /* XKURLRequestOperation.m in Sources */ = {isa = PBXBuildFile; fileRef = CD6CE99E18B5C0C300E66CC9 /* XKURLRequestOperation.m */; };
		CD6CE9A818B5C0C300E66CC9 /* XKXMLSerialization.m in Sources */ = {isa = PBXBuildFile; fileRef = CD6CE9A018B5C0C300E66CC9 /* XKXMLSerialization.m */; };
		CD6CE9A918B5C0C300E66CC9 /* XMLKitErrors.m in Sources */ = {isa = PBXBuildFile; fileRef = CD6CE9A318B5C0C300E66CC9 /* XMLKitErrors.m */; };
		CD6CE9AC18B5C0E400E66CC9 /* EVEMailMessages.xml in Resources */ = {isa = PBXBuildFile; fileRef = CD6CE9AB18B5C0E400E66CC9 /* EVEMailMessages.xml */; };
		CD6CE9B118B5C10300E66CC9 /* EveAPI-Notes.txt in Resources */ = {isa = PBXBuildFile; fileRef = CD6CE9AD18B5C10300E66CC9 /* EveAPI-Notes.txt */; };
		CD6CE9B218B5C10300E66CC9 /* MainWindowController.m in Sources */ = {isa = PBXBuildFile; fileRef = CD6CE9AF18B5C10300E66CC9 /* MainWindowController.m */; };
		CD6CE9B318B5C10300E66CC9 /* MainWindowController.xib in Resources */ = {isa = PBXBuildFile; fileRef = CD6CE9B018B5C10300E66CC9 /* MainWindowController.xib */; };
		CD6D120D18B6E77C00DCECEC /* EVEAccountCharacters.m in Sources */ = {isa = PBXBuildFile; fileRef = CD6D120C18B6E77C00DCECEC /* EVEAccountCharacters.m */; };
		CD6D121218B6E9C900DCECEC /* EVEApiObject.m in Sources */ = {isa = PBXBuildFile; fileRef = CD6D120F18B6E9C900DCECEC /* EVEApiObject.m */; };
		CD6D121318B6E9C900DCECEC /* EVEObject.m in Sources */ = {isa = PBXBuildFile; fileRef = CD6D121118B6E9C900DCECEC /* EVEObject.m */; };
		CD6D121E18B6EAE900DCECEC /* EVEApi.m in Sources */ = {isa = PBXBuildFile; fileRef = CD6D121518B6EAE900DCECEC /* EVEApi.m */; };
		CD6D121F18B6EAE900DCECEC /* EVEBool.m in Sources */ = {isa = PBXBuildFile; fileRef = CD6D121718B6EAE900DCECEC /* EVEBool.m */; };
		CD6D122018B6EAE900DCECEC /* EVEDate.m in Sources */ = {isa = PBXBuildFile; fileRef = CD6D121918B6EAE900DCECEC /* EVEDate.m */; };
		CD6D122118B6EAE900DCECEC /* EVENumber.m in Sources */ = {isa = PBXBuildFile; fileRef = CD6D121B18B6EAE900DCECEC /* EVENumber.m */; };
		CD6D122218B6EAE900DCECEC /* EVEString.m in Sources */ = {isa = PBXBuildFile; fileRef = CD6D121D18B6EAE900DCECEC /* EVEString.m */; };
		CD6D122518B6EB3800DCECEC /* EVEError.m in Sources */ = {isa = PBXBuildFile; fileRef = CD6D122418B6EB3800DCECEC /* EVEError.m */; };
/* End PBXBuildFile section */

/* Begin PBXContainerItemProxy section */
		CD6CE98218B5C08300E66CC9 /* PBXContainerItemProxy */ = {
			isa = PBXContainerItemProxy;
			containerPortal = CD6CE95218B5C08300E66CC9 /* Project object */;
			proxyType = 1;
			remoteGlobalIDString = CD6CE95918B5C08300E66CC9;
			remoteInfo = "EVEApi Beta";
		};
/* End PBXContainerItemProxy section */

/* Begin PBXFileReference section */
		CD6CE95A18B5C08300E66CC9 /* EVEApi Beta.app */ = {isa = PBXFileReference; explicitFileType = wrapper.application; includeInIndex = 0; path = "EVEApi Beta.app"; sourceTree = BUILT_PRODUCTS_DIR; };
		CD6CE95D18B5C08300E66CC9 /* Cocoa.framework */ = {isa = PBXFileReference; lastKnownFileType = wrapper.framework; name = Cocoa.framework; path = System/Library/Frameworks/Cocoa.framework; sourceTree = SDKROOT; };
		CD6CE96018B5C08300E66CC9 /* AppKit.framework */ = {isa = PBXFileReference; lastKnownFileType = wrapper.framework; name = AppKit.framework; path = System/Library/Frameworks/AppKit.framework; sourceTree = SDKROOT; };
		CD6CE96118B5C08300E66CC9 /* CoreData.framework */ = {isa = PBXFileReference; lastKnownFileType = wrapper.framework; name = CoreData.framework; path = System/Library/Frameworks/CoreData.framework; sourceTree = SDKROOT; };
		CD6CE96218B5C08300E66CC9 /* Foundation.framework */ = {isa = PBXFileReference; lastKnownFileType = wrapper.framework; name = Foundation.framework; path = System/Library/Frameworks/Foundation.framework; sourceTree = SDKROOT; };
		CD6CE96518B5C08300E66CC9 /* EVEApi Beta-Info.plist */ = {isa = PBXFileReference; lastKnownFileType = text.plist.xml; path = "EVEApi Beta-Info.plist"; sourceTree = "<group>"; };
		CD6CE96718B5C08300E66CC9 /* en */ = {isa = PBXFileReference; lastKnownFileType = text.plist.strings; name = en; path = en.lproj/InfoPlist.strings; sourceTree = "<group>"; };
		CD6CE96918B5C08300E66CC9 /* main.m */ = {isa = PBXFileReference; lastKnownFileType = sourcecode.c.objc; path = main.m; sourceTree = "<group>"; };
		CD6CE96B18B5C08300E66CC9 /* EVEApi Beta-Prefix.pch */ = {isa = PBXFileReference; lastKnownFileType = sourcecode.c.h; path = "EVEApi Beta-Prefix.pch"; sourceTree = "<group>"; };
		CD6CE96D18B5C08300E66CC9 /* en */ = {isa = PBXFileReference; lastKnownFileType = text.rtf; name = en; path = en.lproj/Credits.rtf; sourceTree = "<group>"; };
		CD6CE96F18B5C08300E66CC9 /* AppDelegate.h */ = {isa = PBXFileReference; lastKnownFileType = sourcecode.c.h; path = AppDelegate.h; sourceTree = "<group>"; };
		CD6CE97018B5C08300E66CC9 /* AppDelegate.m */ = {isa = PBXFileReference; lastKnownFileType = sourcecode.c.objc; path = AppDelegate.m; sourceTree = "<group>"; };
		CD6CE97318B5C08300E66CC9 /* Base */ = {isa = PBXFileReference; lastKnownFileType = file.xib; name = Base; path = Base.lproj/MainMenu.xib; sourceTree = "<group>"; };
		CD6CE97618B5C08300E66CC9 /* EVEApi_Beta.xcdatamodel */ = {isa = PBXFileReference; lastKnownFileType = wrapper.xcdatamodel; path = EVEApi_Beta.xcdatamodel; sourceTree = "<group>"; };
		CD6CE97818B5C08300E66CC9 /* Images.xcassets */ = {isa = PBXFileReference; lastKnownFileType = folder.assetcatalog; path = Images.xcassets; sourceTree = "<group>"; };
		CD6CE97E18B5C08300E66CC9 /* EVEApi BetaTests.xctest */ = {isa = PBXFileReference; explicitFileType = wrapper.cfbundle; includeInIndex = 0; path = "EVEApi BetaTests.xctest"; sourceTree = BUILT_PRODUCTS_DIR; };
		CD6CE97F18B5C08300E66CC9 /* XCTest.framework */ = {isa = PBXFileReference; lastKnownFileType = wrapper.framework; name = XCTest.framework; path = Library/Frameworks/XCTest.framework; sourceTree = DEVELOPER_DIR; };
		CD6CE98618B5C08300E66CC9 /* EVEApi BetaTests-Info.plist */ = {isa = PBXFileReference; lastKnownFileType = text.plist.xml; path = "EVEApi BetaTests-Info.plist"; sourceTree = "<group>"; };
		CD6CE98818B5C08300E66CC9 /* en */ = {isa = PBXFileReference; lastKnownFileType = text.plist.strings; name = en; path = en.lproj/InfoPlist.strings; sourceTree = "<group>"; };
		CD6CE98A18B5C08300E66CC9 /* EVEApi_BetaTests.m */ = {isa = PBXFileReference; lastKnownFileType = sourcecode.c.objc; path = EVEApi_BetaTests.m; sourceTree = "<group>"; };
		CD6CE99518B5C0BC00E66CC9 /* RKValueTransformers.h */ = {isa = PBXFileReference; fileEncoding = 4; lastKnownFileType = sourcecode.c.h; path = RKValueTransformers.h; sourceTree = "<group>"; };
		CD6CE99618B5C0BC00E66CC9 /* RKValueTransformers.m */ = {isa = PBXFileReference; fileEncoding = 4; lastKnownFileType = sourcecode.c.objc; path = RKValueTransformers.m; sourceTree = "<group>"; };
		CD6CE99918B5C0C300E66CC9 /* XKObjectBuilder.h */ = {isa = PBXFileReference; fileEncoding = 4; lastKnownFileType = sourcecode.c.h; path = XKObjectBuilder.h; sourceTree = "<group>"; };
		CD6CE99A18B5C0C300E66CC9 /* XKObjectBuilder.m */ = {isa = PBXFileReference; fileEncoding = 4; lastKnownFileType = sourcecode.c.objc; path = XKObjectBuilder.m; sourceTree = "<group>"; };
		CD6CE99B18B5C0C300E66CC9 /* XKObjectDescriptor.h */ = {isa = PBXFileReference; fileEncoding = 4; lastKnownFileType = sourcecode.c.h; path = XKObjectDescriptor.h; sourceTree = "<group>"; };
		CD6CE99C18B5C0C300E66CC9 /* XKObjectDescriptor.m */ = {isa = PBXFileReference; fileEncoding = 4; lastKnownFileType = sourcecode.c.objc; path = XKObjectDescriptor.m; sourceTree = "<group>"; };
		CD6CE99D18B5C0C300E66CC9 /* XKURLRequestOperation.h */ = {isa = PBXFileReference; fileEncoding = 4; lastKnownFileType = sourcecode.c.h; path = XKURLRequestOperation.h; sourceTree = "<group>"; };
		CD6CE99E18B5C0C300E66CC9 /* XKURLRequestOperation.m */ = {isa = PBXFileReference; fileEncoding = 4; lastKnownFileType = sourcecode.c.objc; path = XKURLRequestOperation.m; sourceTree = "<group>"; };
		CD6CE99F18B5C0C300E66CC9 /* XKXMLSerialization.h */ = {isa = PBXFileReference; fileEncoding = 4; lastKnownFileType = sourcecode.c.h; path = XKXMLSerialization.h; sourceTree = "<group>"; };
		CD6CE9A018B5C0C300E66CC9 /* XKXMLSerialization.m */ = {isa = PBXFileReference; fileEncoding = 4; lastKnownFileType = sourcecode.c.objc; path = XKXMLSerialization.m; sourceTree = "<group>"; };
		CD6CE9A118B5C0C300E66CC9 /* XMLKit.h */ = {isa = PBXFileReference; fileEncoding = 4; lastKnownFileType = sourcecode.c.h; path = XMLKit.h; sourceTree = "<group>"; };
		CD6CE9A218B5C0C300E66CC9 /* XMLKitErrors.h */ = {isa = PBXFileReference; fileEncoding = 4; lastKnownFileType = sourcecode.c.h; path = XMLKitErrors.h; sourceTree = "<group>"; };
		CD6CE9A318B5C0C300E66CC9 /* XMLKitErrors.m */ = {isa = PBXFileReference; fileEncoding = 4; lastKnownFileType = sourcecode.c.objc; path = XMLKitErrors.m; sourceTree = "<group>"; };
		CD6CE9A418B5C0C300E66CC9 /* XMLKitTypes.h */ = {isa = PBXFileReference; fileEncoding = 4; lastKnownFileType = sourcecode.c.h; path = XMLKitTypes.h; sourceTree = "<group>"; };
		CD6CE9AB18B5C0E400E66CC9 /* EVEMailMessages.xml */ = {isa = PBXFileReference; fileEncoding = 4; lastKnownFileType = text.xml; path = EVEMailMessages.xml; sourceTree = "<group>"; };
		CD6CE9AD18B5C10300E66CC9 /* EveAPI-Notes.txt */ = {isa = PBXFileReference; fileEncoding = 4; lastKnownFileType = text; path = "EveAPI-Notes.txt"; sourceTree = "<group>"; };
		CD6CE9AE18B5C10300E66CC9 /* MainWindowController.h */ = {isa = PBXFileReference; fileEncoding = 4; lastKnownFileType = sourcecode.c.h; path = MainWindowController.h; sourceTree = "<group>"; };
		CD6CE9AF18B5C10300E66CC9 /* MainWindowController.m */ = {isa = PBXFileReference; fileEncoding = 4; lastKnownFileType = sourcecode.c.objc; path = MainWindowController.m; sourceTree = "<group>"; };
		CD6CE9B018B5C10300E66CC9 /* MainWindowController.xib */ = {isa = PBXFileReference; fileEncoding = 4; lastKnownFileType = file.xib; path = MainWindowController.xib; sourceTree = "<group>"; };
		CD6D120B18B6E77C00DCECEC /* EVEAccountCharacters.h */ = {isa = PBXFileReference; fileEncoding = 4; lastKnownFileType = sourcecode.c.h; name = EVEAccountCharacters.h; path = "EVE API Interfaces/Account/EVEAccountCharacters.h"; sourceTree = "<group>"; };
		CD6D120C18B6E77C00DCECEC /* EVEAccountCharacters.m */ = {isa = PBXFileReference; fileEncoding = 4; lastKnownFileType = sourcecode.c.objc; name = EVEAccountCharacters.m; path = "EVE API Interfaces/Account/EVEAccountCharacters.m"; sourceTree = "<group>"; };
		CD6D120E18B6E9C900DCECEC /* EVEApiObject.h */ = {isa = PBXFileReference; fileEncoding = 4; lastKnownFileType = sourcecode.c.h; name = EVEApiObject.h; path = "EVE API Objects/EVE Types/EVEApiObject.h"; sourceTree = "<group>"; };
		CD6D120F18B6E9C900DCECEC /* EVEApiObject.m */ = {isa = PBXFileReference; fileEncoding = 4; lastKnownFileType = sourcecode.c.objc; name = EVEApiObject.m; path = "EVE API Objects/EVE Types/EVEApiObject.m"; sourceTree = "<group>"; };
		CD6D121018B6E9C900DCECEC /* EVEObject.h */ = {isa = PBXFileReference; fileEncoding = 4; lastKnownFileType = sourcecode.c.h; name = EVEObject.h; path = "EVE API Objects/EVE Types/EVEObject.h"; sourceTree = "<group>"; };
		CD6D121118B6E9C900DCECEC /* EVEObject.m */ = {isa = PBXFileReference; fileEncoding = 4; lastKnownFileType = sourcecode.c.objc; name = EVEObject.m; path = "EVE API Objects/EVE Types/EVEObject.m"; sourceTree = "<group>"; };
		CD6D121418B6EAE900DCECEC /* EVEApi.h */ = {isa = PBXFileReference; fileEncoding = 4; lastKnownFileType = sourcecode.c.h; name = EVEApi.h; path = "EVE API Objects/EVE Types/EVEApi.h"; sourceTree = "<group>"; };
		CD6D121518B6EAE900DCECEC /* EVEApi.m */ = {isa = PBXFileReference; fileEncoding = 4; lastKnownFileType = sourcecode.c.objc; name = EVEApi.m; path = "EVE API Objects/EVE Types/EVEApi.m"; sourceTree = "<group>"; };
		CD6D121618B6EAE900DCECEC /* EVEBool.h */ = {isa = PBXFileReference; fileEncoding = 4; lastKnownFileType = sourcecode.c.h; name = EVEBool.h; path = "EVE API Objects/EVE Types/EVEBool.h"; sourceTree = "<group>"; };
		CD6D121718B6EAE900DCECEC /* EVEBool.m */ = {isa = PBXFileReference; fileEncoding = 4; lastKnownFileType = sourcecode.c.objc; name = EVEBool.m; path = "EVE API Objects/EVE Types/EVEBool.m"; sourceTree = "<group>"; };
		CD6D121818B6EAE900DCECEC /* EVEDate.h */ = {isa = PBXFileReference; fileEncoding = 4; lastKnownFileType = sourcecode.c.h; name = EVEDate.h; path = "EVE API Objects/EVE Types/EVEDate.h"; sourceTree = "<group>"; };
		CD6D121918B6EAE900DCECEC /* EVEDate.m */ = {isa = PBXFileReference; fileEncoding = 4; lastKnownFileType = sourcecode.c.objc; name = EVEDate.m; path = "EVE API Objects/EVE Types/EVEDate.m"; sourceTree = "<group>"; };
		CD6D121A18B6EAE900DCECEC /* EVENumber.h */ = {isa = PBXFileReference; fileEncoding = 4; lastKnownFileType = sourcecode.c.h; name = EVENumber.h; path = "EVE API Objects/EVE Types/EVENumber.h"; sourceTree = "<group>"; };
		CD6D121B18B6EAE900DCECEC /* EVENumber.m */ = {isa = PBXFileReference; fileEncoding = 4; lastKnownFileType = sourcecode.c.objc; name = EVENumber.m; path = "EVE API Objects/EVE Types/EVENumber.m"; sourceTree = "<group>"; };
		CD6D121C18B6EAE900DCECEC /* EVEString.h */ = {isa = PBXFileReference; fileEncoding = 4; lastKnownFileType = sourcecode.c.h; name = EVEString.h; path = "EVE API Objects/EVE Types/EVEString.h"; sourceTree = "<group>"; };
		CD6D121D18B6EAE900DCECEC /* EVEString.m */ = {isa = PBXFileReference; fileEncoding = 4; lastKnownFileType = sourcecode.c.objc; name = EVEString.m; path = "EVE API Objects/EVE Types/EVEString.m"; sourceTree = "<group>"; };
		CD6D122318B6EB3800DCECEC /* EVEError.h */ = {isa = PBXFileReference; fileEncoding = 4; lastKnownFileType = sourcecode.c.h; name = EVEError.h; path = "EVE API Objects/EVE Types/EVEError.h"; sourceTree = "<group>"; };
		CD6D122418B6EB3800DCECEC /* EVEError.m */ = {isa = PBXFileReference; fileEncoding = 4; lastKnownFileType = sourcecode.c.objc; name = EVEError.m; path = "EVE API Objects/EVE Types/EVEError.m"; sourceTree = "<group>"; };
/* End PBXFileReference section */

/* Begin PBXFrameworksBuildPhase section */
		CD6CE95718B5C08300E66CC9 /* Frameworks */ = {
			isa = PBXFrameworksBuildPhase;
			buildActionMask = 2147483647;
			files = (
				CD6CE95E18B5C08300E66CC9 /* Cocoa.framework in Frameworks */,
			);
			runOnlyForDeploymentPostprocessing = 0;
		};
		CD6CE97B18B5C08300E66CC9 /* Frameworks */ = {
			isa = PBXFrameworksBuildPhase;
			buildActionMask = 2147483647;
			files = (
				CD6CE98118B5C08300E66CC9 /* Cocoa.framework in Frameworks */,
				CD6CE98018B5C08300E66CC9 /* XCTest.framework in Frameworks */,
			);
			runOnlyForDeploymentPostprocessing = 0;
		};
/* End PBXFrameworksBuildPhase section */

/* Begin PBXGroup section */
		CD6CE95118B5C08300E66CC9 = {
			isa = PBXGroup;
			children = (
				CD6CE96318B5C08300E66CC9 /* Application  */,
				CD6CE98418B5C08300E66CC9 /* Application Tests */,
				CD6D11EA18B6D57E00DCECEC /* EVE API Interfaces */,
				CD6D11EB18B6D5B100DCECEC /* EVE API Objects */,
				CD6CE95C18B5C08300E66CC9 /* Frameworks */,
				CD6CE95B18B5C08300E66CC9 /* Products */,
				CD6CE99418B5C0BC00E66CC9 /* RestKit */,
				CD6CE99818B5C0C300E66CC9 /* XMLKit */,
			);
			sourceTree = "<group>";
		};
		CD6CE95B18B5C08300E66CC9 /* Products */ = {
			isa = PBXGroup;
			children = (
				CD6CE95A18B5C08300E66CC9 /* EVEApi Beta.app */,
				CD6CE97E18B5C08300E66CC9 /* EVEApi BetaTests.xctest */,
			);
			name = Products;
			sourceTree = "<group>";
		};
		CD6CE95C18B5C08300E66CC9 /* Frameworks */ = {
			isa = PBXGroup;
			children = (
				CD6CE95D18B5C08300E66CC9 /* Cocoa.framework */,
				CD6CE97F18B5C08300E66CC9 /* XCTest.framework */,
				CD6CE95F18B5C08300E66CC9 /* Other Frameworks */,
			);
			name = Frameworks;
			sourceTree = "<group>";
		};
		CD6CE95F18B5C08300E66CC9 /* Other Frameworks */ = {
			isa = PBXGroup;
			children = (
				CD6CE96018B5C08300E66CC9 /* AppKit.framework */,
				CD6CE96118B5C08300E66CC9 /* CoreData.framework */,
				CD6CE96218B5C08300E66CC9 /* Foundation.framework */,
			);
			name = "Other Frameworks";
			sourceTree = "<group>";
		};
		CD6CE96318B5C08300E66CC9 /* Application  */ = {
			isa = PBXGroup;
			children = (
				CD6CE96F18B5C08300E66CC9 /* AppDelegate.h */,
				CD6CE97018B5C08300E66CC9 /* AppDelegate.m */,
				CD6CE9AD18B5C10300E66CC9 /* EveAPI-Notes.txt */,
				CD6CE97518B5C08300E66CC9 /* EVEApi_Beta.xcdatamodeld */,
				CD6CE97818B5C08300E66CC9 /* Images.xcassets */,
				CD6CE97218B5C08300E66CC9 /* MainMenu.xib */,
				CD6CE9AE18B5C10300E66CC9 /* MainWindowController.h */,
				CD6CE9AF18B5C10300E66CC9 /* MainWindowController.m */,
				CD6CE9B018B5C10300E66CC9 /* MainWindowController.xib */,
				CD6CE96418B5C08300E66CC9 /* Supporting Files */,
			);
			name = "Application ";
			path = "EVEApi Beta";
			sourceTree = "<group>";
		};
		CD6CE96418B5C08300E66CC9 /* Supporting Files */ = {
			isa = PBXGroup;
			children = (
				CD6CE96518B5C08300E66CC9 /* EVEApi Beta-Info.plist */,
				CD6CE96618B5C08300E66CC9 /* InfoPlist.strings */,
				CD6CE96918B5C08300E66CC9 /* main.m */,
				CD6CE96B18B5C08300E66CC9 /* EVEApi Beta-Prefix.pch */,
				CD6CE96C18B5C08300E66CC9 /* Credits.rtf */,
			);
			name = "Supporting Files";
			sourceTree = "<group>";
		};
		CD6CE98418B5C08300E66CC9 /* Application Tests */ = {
			isa = PBXGroup;
			children = (
				CD6CE9AA18B5C0E400E66CC9 /* Test XML */,
				CD6CE98A18B5C08300E66CC9 /* EVEApi_BetaTests.m */,
				CD6CE98518B5C08300E66CC9 /* Supporting Files */,
			);
			name = "Application Tests";
			path = "EVEApi BetaTests";
			sourceTree = "<group>";
		};
		CD6CE98518B5C08300E66CC9 /* Supporting Files */ = {
			isa = PBXGroup;
			children = (
				CD6CE98618B5C08300E66CC9 /* EVEApi BetaTests-Info.plist */,
				CD6CE98718B5C08300E66CC9 /* InfoPlist.strings */,
			);
			name = "Supporting Files";
			sourceTree = "<group>";
		};
		CD6CE99418B5C0BC00E66CC9 /* RestKit */ = {
			isa = PBXGroup;
			children = (
				CD6CE99518B5C0BC00E66CC9 /* RKValueTransformers.h */,
				CD6CE99618B5C0BC00E66CC9 /* RKValueTransformers.m */,
			);
			path = RestKit;
			sourceTree = "<group>";
		};
		CD6CE99818B5C0C300E66CC9 /* XMLKit */ = {
			isa = PBXGroup;
			children = (
				CD6CE99918B5C0C300E66CC9 /* XKObjectBuilder.h */,
				CD6CE99A18B5C0C300E66CC9 /* XKObjectBuilder.m */,
				CD6CE99B18B5C0C300E66CC9 /* XKObjectDescriptor.h */,
				CD6CE99C18B5C0C300E66CC9 /* XKObjectDescriptor.m */,
				CD6CE99D18B5C0C300E66CC9 /* XKURLRequestOperation.h */,
				CD6CE99E18B5C0C300E66CC9 /* XKURLRequestOperation.m */,
				CD6CE99F18B5C0C300E66CC9 /* XKXMLSerialization.h */,
				CD6CE9A018B5C0C300E66CC9 /* XKXMLSerialization.m */,
				CD6CE9A118B5C0C300E66CC9 /* XMLKit.h */,
				CD6CE9A218B5C0C300E66CC9 /* XMLKitErrors.h */,
				CD6CE9A318B5C0C300E66CC9 /* XMLKitErrors.m */,
				CD6CE9A418B5C0C300E66CC9 /* XMLKitTypes.h */,
			);
			path = XMLKit;
			sourceTree = "<group>";
		};
		CD6CE9AA18B5C0E400E66CC9 /* Test XML */ = {
			isa = PBXGroup;
			children = (
				CD6CE9AB18B5C0E400E66CC9 /* EVEMailMessages.xml */,
			);
			path = "Test XML";
			sourceTree = "<group>";
		};
		CD6D11EA18B6D57E00DCECEC /* EVE API Interfaces */ = {
			isa = PBXGroup;
			children = (
				CD6D11ED18B6D61C00DCECEC /* Account */,
				CD6D11EC18B6D60100DCECEC /* API */,
				CD6D11EE18B6D63700DCECEC /* Character */,
				CD6D11EF18B6D63F00DCECEC /* Character/Corporation */,
				CD6D11F018B6D64300DCECEC /* Corporation */,
				CD6D11F118B6D64600DCECEC /* EVE */,
				CD6D11F218B6D64800DCECEC /* Map */,
				CD6D11F318B6D64A00DCECEC /* Misc */,
				CD6D11F418B6D64C00DCECEC /* Server */,
			);
			name = "EVE API Interfaces";
			sourceTree = "<group>";
		};
		CD6D11EB18B6D5B100DCECEC /* EVE API Objects */ = {
			isa = PBXGroup;
			children = (
				CD6D120518B6D71200DCECEC /* Account */,
				CD6D11F518B6D68900DCECEC /* Alliance */,
				CD6D11F818B6D69300DCECEC /* Assets/Items */,
				CD6D11F918B6D69500DCECEC /* Calendar */,
				CD6D11F618B6D68F00DCECEC /* Character */,
				CD6D11FB18B6D69900DCECEC /* Contacts */,
				CD6D11FC18B6D69B00DCECEC /* Contracts */,
				CD6D11FD18B6D69F00DCECEC /* Corporation */,
				CD6D11FA18B6D69700DCECEC /* EVE */,
				CD6D11F718B6D69100DCECEC /* EVE Types */,
				CD6D11FE18B6D6A100DCECEC /* Faction Warfare */,
				CD6D120218B6D6A800DCECEC /* Financial */,
				CD6D11FF18B6D6A300DCECEC /* Industry */,
				CD6D120018B6D6A400DCECEC /* Kills */,
				CD6D120118B6D6A600DCECEC /* Mail */,
				CD6D120318B6D6AA00DCECEC /* Ships */,
				CD6D120418B6D6AC00DCECEC /* Skills */,
			);
			name = "EVE API Objects";
			sourceTree = "<group>";
		};
		CD6D11EC18B6D60100DCECEC /* API */ = {
			isa = PBXGroup;
			children = (
			);
			name = API;
			sourceTree = "<group>";
		};
		CD6D11ED18B6D61C00DCECEC /* Account */ = {
			isa = PBXGroup;
			children = (
				CD6D120B18B6E77C00DCECEC /* EVEAccountCharacters.h */,
				CD6D120C18B6E77C00DCECEC /* EVEAccountCharacters.m */,
			);
			name = Account;
			sourceTree = "<group>";
		};
		CD6D11EE18B6D63700DCECEC /* Character */ = {
			isa = PBXGroup;
			children = (
			);
			name = Character;
			sourceTree = "<group>";
		};
		CD6D11EF18B6D63F00DCECEC /* Character/Corporation */ = {
			isa = PBXGroup;
			children = (
			);
			name = Character/Corporation;
			sourceTree = "<group>";
		};
		CD6D11F018B6D64300DCECEC /* Corporation */ = {
			isa = PBXGroup;
			children = (
			);
			name = Corporation;
			sourceTree = "<group>";
		};
		CD6D11F118B6D64600DCECEC /* EVE */ = {
			isa = PBXGroup;
			children = (
			);
			name = EVE;
			sourceTree = "<group>";
		};
		CD6D11F218B6D64800DCECEC /* Map */ = {
			isa = PBXGroup;
			children = (
			);
			name = Map;
			sourceTree = "<group>";
		};
		CD6D11F318B6D64A00DCECEC /* Misc */ = {
			isa = PBXGroup;
			children = (
			);
			name = Misc;
			sourceTree = "<group>";
		};
		CD6D11F418B6D64C00DCECEC /* Server */ = {
			isa = PBXGroup;
			children = (
			);
			name = Server;
			sourceTree = "<group>";
		};
		CD6D11F518B6D68900DCECEC /* Alliance */ = {
			isa = PBXGroup;
			children = (
			);
			name = Alliance;
			sourceTree = "<group>";
		};
		CD6D11F618B6D68F00DCECEC /* Character */ = {
			isa = PBXGroup;
			children = (
			);
			name = Character;
			sourceTree = "<group>";
		};
		CD6D11F718B6D69100DCECEC /* EVE Types */ = {
			isa = PBXGroup;
			children = (
				CD6D120E18B6E9C900DCECEC /* EVEApiObject.h */,
				CD6D120F18B6E9C900DCECEC /* EVEApiObject.m */,
				CD6D122318B6EB3800DCECEC /* EVEError.h */,
				CD6D122418B6EB3800DCECEC /* EVEError.m */,
				CD6D121418B6EAE900DCECEC /* EVEApi.h */,
				CD6D121518B6EAE900DCECEC /* EVEApi.m */,
				CD6D121618B6EAE900DCECEC /* EVEBool.h */,
				CD6D121718B6EAE900DCECEC /* EVEBool.m */,
				CD6D121818B6EAE900DCECEC /* EVEDate.h */,
				CD6D121918B6EAE900DCECEC /* EVEDate.m */,
				CD6D121A18B6EAE900DCECEC /* EVENumber.h */,
				CD6D121B18B6EAE900DCECEC /* EVENumber.m */,
				CD6D121C18B6EAE900DCECEC /* EVEString.h */,
				CD6D121D18B6EAE900DCECEC /* EVEString.m */,
				CD6D121018B6E9C900DCECEC /* EVEObject.h */,
				CD6D121118B6E9C900DCECEC /* EVEObject.m */,
			);
			name = "EVE Types";
			sourceTree = "<group>";
		};
		CD6D11F818B6D69300DCECEC /* Assets/Items */ = {
			isa = PBXGroup;
			children = (
			);
			name = Assets/Items;
			sourceTree = "<group>";
		};
		CD6D11F918B6D69500DCECEC /* Calendar */ = {
			isa = PBXGroup;
			children = (
			);
			name = Calendar;
			sourceTree = "<group>";
		};
		CD6D11FA18B6D69700DCECEC /* EVE */ = {
			isa = PBXGroup;
			children = (
			);
			name = EVE;
			sourceTree = "<group>";
		};
		CD6D11FB18B6D69900DCECEC /* Contacts */ = {
			isa = PBXGroup;
			children = (
			);
			name = Contacts;
			sourceTree = "<group>";
		};
		CD6D11FC18B6D69B00DCECEC /* Contracts */ = {
			isa = PBXGroup;
			children = (
			);
			name = Contracts;
			sourceTree = "<group>";
		};
		CD6D11FD18B6D69F00DCECEC /* Corporation */ = {
			isa = PBXGroup;
			children = (
			);
			name = Corporation;
			sourceTree = "<group>";
		};
		CD6D11FE18B6D6A100DCECEC /* Faction Warfare */ = {
			isa = PBXGroup;
			children = (
			);
			name = "Faction Warfare";
			sourceTree = "<group>";
		};
		CD6D11FF18B6D6A300DCECEC /* Industry */ = {
			isa = PBXGroup;
			children = (
			);
			name = Industry;
			sourceTree = "<group>";
		};
		CD6D120018B6D6A400DCECEC /* Kills */ = {
			isa = PBXGroup;
			children = (
			);
			name = Kills;
			sourceTree = "<group>";
		};
		CD6D120118B6D6A600DCECEC /* Mail */ = {
			isa = PBXGroup;
			children = (
			);
			name = Mail;
			sourceTree = "<group>";
		};
		CD6D120218B6D6A800DCECEC /* Financial */ = {
			isa = PBXGroup;
			children = (
			);
			name = Financial;
			sourceTree = "<group>";
		};
		CD6D120318B6D6AA00DCECEC /* Ships */ = {
			isa = PBXGroup;
			children = (
			);
			name = Ships;
			sourceTree = "<group>";
		};
		CD6D120418B6D6AC00DCECEC /* Skills */ = {
			isa = PBXGroup;
			children = (
			);
			name = Skills;
			sourceTree = "<group>";
		};
		CD6D120518B6D71200DCECEC /* Account */ = {
			isa = PBXGroup;
			children = (
			);
			name = Account;
			sourceTree = "<group>";
		};
/* End PBXGroup section */

/* Begin PBXNativeTarget section */
		CD6CE95918B5C08300E66CC9 /* EVEApi Beta */ = {
			isa = PBXNativeTarget;
			buildConfigurationList = CD6CE98E18B5C08300E66CC9 /* Build configuration list for PBXNativeTarget "EVEApi Beta" */;
			buildPhases = (
				CD6CE95618B5C08300E66CC9 /* Sources */,
				CD6CE95718B5C08300E66CC9 /* Frameworks */,
				CD6CE95818B5C08300E66CC9 /* Resources */,
			);
			buildRules = (
			);
			dependencies = (
			);
			name = "EVEApi Beta";
			productName = "EVEApi Beta";
			productReference = CD6CE95A18B5C08300E66CC9 /* EVEApi Beta.app */;
			productType = "com.apple.product-type.application";
		};
		CD6CE97D18B5C08300E66CC9 /* EVEApi BetaTests */ = {
			isa = PBXNativeTarget;
			buildConfigurationList = CD6CE99118B5C08300E66CC9 /* Build configuration list for PBXNativeTarget "EVEApi BetaTests" */;
			buildPhases = (
				CD6CE97A18B5C08300E66CC9 /* Sources */,
				CD6CE97B18B5C08300E66CC9 /* Frameworks */,
				CD6CE97C18B5C08300E66CC9 /* Resources */,
			);
			buildRules = (
			);
			dependencies = (
				CD6CE98318B5C08300E66CC9 /* PBXTargetDependency */,
			);
			name = "EVEApi BetaTests";
			productName = "EVEApi BetaTests";
			productReference = CD6CE97E18B5C08300E66CC9 /* EVEApi BetaTests.xctest */;
			productType = "com.apple.product-type.bundle.unit-test";
		};
/* End PBXNativeTarget section */

/* Begin PBXProject section */
		CD6CE95218B5C08300E66CC9 /* Project object */ = {
			isa = PBXProject;
			attributes = {
				LastUpgradeCheck = 0500;
				ORGANIZATIONNAME = "D-Squared Productions";
				TargetAttributes = {
					CD6CE97D18B5C08300E66CC9 = {
						TestTargetID = CD6CE95918B5C08300E66CC9;
					};
				};
			};
			buildConfigurationList = CD6CE95518B5C08300E66CC9 /* Build configuration list for PBXProject "EVEApi Beta" */;
			compatibilityVersion = "Xcode 3.2";
			developmentRegion = English;
			hasScannedForEncodings = 0;
			knownRegions = (
				en,
				Base,
			);
			mainGroup = CD6CE95118B5C08300E66CC9;
			productRefGroup = CD6CE95B18B5C08300E66CC9 /* Products */;
			projectDirPath = "";
			projectRoot = "";
			targets = (
				CD6CE95918B5C08300E66CC9 /* EVEApi Beta */,
				CD6CE97D18B5C08300E66CC9 /* EVEApi BetaTests */,
			);
		};
/* End PBXProject section */

/* Begin PBXResourcesBuildPhase section */
		CD6CE95818B5C08300E66CC9 /* Resources */ = {
			isa = PBXResourcesBuildPhase;
			buildActionMask = 2147483647;
			files = (
				CD6CE96818B5C08300E66CC9 /* InfoPlist.strings in Resources */,
				CD6CE97918B5C08300E66CC9 /* Images.xcassets in Resources */,
				CD6CE9B118B5C10300E66CC9 /* EveAPI-Notes.txt in Resources */,
				CD6CE96E18B5C08300E66CC9 /* Credits.rtf in Resources */,
				CD6CE9B318B5C10300E66CC9 /* MainWindowController.xib in Resources */,
				CD6CE97418B5C08300E66CC9 /* MainMenu.xib in Resources */,
			);
			runOnlyForDeploymentPostprocessing = 0;
		};
		CD6CE97C18B5C08300E66CC9 /* Resources */ = {
			isa = PBXResourcesBuildPhase;
			buildActionMask = 2147483647;
			files = (
				CD6CE98918B5C08300E66CC9 /* InfoPlist.strings in Resources */,
				CD6CE9AC18B5C0E400E66CC9 /* EVEMailMessages.xml in Resources */,
			);
			runOnlyForDeploymentPostprocessing = 0;
		};
/* End PBXResourcesBuildPhase section */

/* Begin PBXSourcesBuildPhase section */
		CD6CE95618B5C08300E66CC9 /* Sources */ = {
			isa = PBXSourcesBuildPhase;
			buildActionMask = 2147483647;
			files = (
				CD6CE9B218B5C10300E66CC9 /* MainWindowController.m in Sources */,
				CD6D121F18B6EAE900DCECEC /* EVEBool.m in Sources */,
				CD6D122018B6EAE900DCECEC /* EVEDate.m in Sources */,
				CD6D121E18B6EAE900DCECEC /* EVEApi.m in Sources */,
				CD6CE99718B5C0BC00E66CC9 /* RKValueTransformers.m in Sources */,
				CD6CE9A818B5C0C300E66CC9 /* XKXMLSerialization.m in Sources */,
				CD6D122518B6EB3800DCECEC /* EVEError.m in Sources */,
				CD6CE9A518B5C0C300E66CC9 /* XKObjectBuilder.m in Sources */,
				CD6CE9A918B5C0C300E66CC9 /* XMLKitErrors.m in Sources */,
				CD6CE97718B5C08300E66CC9 /* EVEApi_Beta.xcdatamodeld in Sources */,
				CD6D122218B6EAE900DCECEC /* EVEString.m in Sources */,
				CD6D121318B6E9C900DCECEC /* EVEObject.m in Sources */,
				CD6D122118B6EAE900DCECEC /* EVENumber.m in Sources */,
				CD6CE97118B5C08300E66CC9 /* AppDelegate.m in Sources */,
				CD6CE9A618B5C0C300E66CC9 /* XKObjectDescriptor.m in Sources */,
				CD6CE96A18B5C08300E66CC9 /* main.m in Sources */,
				CD6D120D18B6E77C00DCECEC /* EVEAccountCharacters.m in Sources */,
				CD6D121218B6E9C900DCECEC /* EVEApiObject.m in Sources */,
				CD6CE9A718B5C0C300E66CC9 /* XKURLRequestOperation.m in Sources */,
			);
			runOnlyForDeploymentPostprocessing = 0;
		};
		CD6CE97A18B5C08300E66CC9 /* Sources */ = {
			isa = PBXSourcesBuildPhase;
			buildActionMask = 2147483647;
			files = (
				CD6CE98B18B5C08300E66CC9 /* EVEApi_BetaTests.m in Sources */,
			);
			runOnlyForDeploymentPostprocessing = 0;
		};
/* End PBXSourcesBuildPhase section */

/* Begin PBXTargetDependency section */
		CD6CE98318B5C08300E66CC9 /* PBXTargetDependency */ = {
			isa = PBXTargetDependency;
			target = CD6CE95918B5C08300E66CC9 /* EVEApi Beta */;
			targetProxy = CD6CE98218B5C08300E66CC9 /* PBXContainerItemProxy */;
		};
/* End PBXTargetDependency section */

/* Begin PBXVariantGroup section */
		CD6CE96618B5C08300E66CC9 /* InfoPlist.strings */ = {
			isa = PBXVariantGroup;
			children = (
				CD6CE96718B5C08300E66CC9 /* en */,
			);
			name = InfoPlist.strings;
			sourceTree = "<group>";
		};
		CD6CE96C18B5C08300E66CC9 /* Credits.rtf */ = {
			isa = PBXVariantGroup;
			children = (
				CD6CE96D18B5C08300E66CC9 /* en */,
			);
			name = Credits.rtf;
			sourceTree = "<group>";
		};
		CD6CE97218B5C08300E66CC9 /* MainMenu.xib */ = {
			isa = PBXVariantGroup;
			children = (
				CD6CE97318B5C08300E66CC9 /* Base */,
			);
			name = MainMenu.xib;
			sourceTree = "<group>";
		};
		CD6CE98718B5C08300E66CC9 /* InfoPlist.strings */ = {
			isa = PBXVariantGroup;
			children = (
				CD6CE98818B5C08300E66CC9 /* en */,
			);
			name = InfoPlist.strings;
			sourceTree = "<group>";
		};
/* End PBXVariantGroup section */

/* Begin XCBuildConfiguration section */
		CD6CE98C18B5C08300E66CC9 /* Debug */ = {
			isa = XCBuildConfiguration;
			buildSettings = {
				ALWAYS_SEARCH_USER_PATHS = NO;
				CLANG_CXX_LANGUAGE_STANDARD = "gnu++0x";
				CLANG_CXX_LIBRARY = "libc++";
				CLANG_ENABLE_OBJC_ARC = YES;
				CLANG_WARN_BOOL_CONVERSION = YES;
				CLANG_WARN_CONSTANT_CONVERSION = YES;
				CLANG_WARN_DIRECT_OBJC_ISA_USAGE = YES_ERROR;
				CLANG_WARN_EMPTY_BODY = YES;
				CLANG_WARN_ENUM_CONVERSION = YES;
				CLANG_WARN_INT_CONVERSION = YES;
				CLANG_WARN_OBJC_ROOT_CLASS = YES_ERROR;
				CLANG_WARN__DUPLICATE_METHOD_MATCH = YES;
				COPY_PHASE_STRIP = NO;
				GCC_C_LANGUAGE_STANDARD = gnu99;
				GCC_DYNAMIC_NO_PIC = NO;
				GCC_ENABLE_OBJC_EXCEPTIONS = YES;
				GCC_OPTIMIZATION_LEVEL = 0;
				GCC_PREPROCESSOR_DEFINITIONS = (
					"DEBUG=1",
					"$(inherited)",
				);
				GCC_SYMBOLS_PRIVATE_EXTERN = NO;
				GCC_WARN_64_TO_32_BIT_CONVERSION = YES;
				GCC_WARN_ABOUT_RETURN_TYPE = YES_ERROR;
				GCC_WARN_UNDECLARED_SELECTOR = YES;
				GCC_WARN_UNINITIALIZED_AUTOS = YES;
				GCC_WARN_UNUSED_FUNCTION = YES;
				GCC_WARN_UNUSED_VARIABLE = YES;
				MACOSX_DEPLOYMENT_TARGET = 10.9;
				ONLY_ACTIVE_ARCH = YES;
				SDKROOT = macosx;
			};
			name = Debug;
		};
		CD6CE98D18B5C08300E66CC9 /* Release */ = {
			isa = XCBuildConfiguration;
			buildSettings = {
				ALWAYS_SEARCH_USER_PATHS = NO;
				CLANG_CXX_LANGUAGE_STANDARD = "gnu++0x";
				CLANG_CXX_LIBRARY = "libc++";
				CLANG_ENABLE_OBJC_ARC = YES;
				CLANG_WARN_BOOL_CONVERSION = YES;
				CLANG_WARN_CONSTANT_CONVERSION = YES;
				CLANG_WARN_DIRECT_OBJC_ISA_USAGE = YES_ERROR;
				CLANG_WARN_EMPTY_BODY = YES;
				CLANG_WARN_ENUM_CONVERSION = YES;
				CLANG_WARN_INT_CONVERSION = YES;
				CLANG_WARN_OBJC_ROOT_CLASS = YES_ERROR;
				CLANG_WARN__DUPLICATE_METHOD_MATCH = YES;
				COPY_PHASE_STRIP = YES;
				DEBUG_INFORMATION_FORMAT = "dwarf-with-dsym";
				ENABLE_NS_ASSERTIONS = NO;
				GCC_C_LANGUAGE_STANDARD = gnu99;
				GCC_ENABLE_OBJC_EXCEPTIONS = YES;
				GCC_WARN_64_TO_32_BIT_CONVERSION = YES;
				GCC_WARN_ABOUT_RETURN_TYPE = YES_ERROR;
				GCC_WARN_UNDECLARED_SELECTOR = YES;
				GCC_WARN_UNINITIALIZED_AUTOS = YES;
				GCC_WARN_UNUSED_FUNCTION = YES;
				GCC_WARN_UNUSED_VARIABLE = YES;
				MACOSX_DEPLOYMENT_TARGET = 10.9;
				SDKROOT = macosx;
			};
			name = Release;
		};
		CD6CE98F18B5C08300E66CC9 /* Debug */ = {
			isa = XCBuildConfiguration;
			buildSettings = {
				ASSETCATALOG_COMPILER_APPICON_NAME = AppIcon;
				COMBINE_HIDPI_IMAGES = YES;
				GCC_PRECOMPILE_PREFIX_HEADER = YES;
				GCC_PREFIX_HEADER = "EVEApi Beta/EVEApi Beta-Prefix.pch";
				INFOPLIST_FILE = "EVEApi Beta/EVEApi Beta-Info.plist";
				PRODUCT_NAME = "$(TARGET_NAME)";
				WRAPPER_EXTENSION = app;
			};
			name = Debug;
		};
		CD6CE99018B5C08300E66CC9 /* Release */ = {
			isa = XCBuildConfiguration;
			buildSettings = {
				ASSETCATALOG_COMPILER_APPICON_NAME = AppIcon;
				COMBINE_HIDPI_IMAGES = YES;
				GCC_PRECOMPILE_PREFIX_HEADER = YES;
				GCC_PREFIX_HEADER = "EVEApi Beta/EVEApi Beta-Prefix.pch";
				INFOPLIST_FILE = "EVEApi Beta/EVEApi Beta-Info.plist";
				PRODUCT_NAME = "$(TARGET_NAME)";
				WRAPPER_EXTENSION = app;
			};
			name = Release;
		};
		CD6CE99218B5C08300E66CC9 /* Debug */ = {
			isa = XCBuildConfiguration;
			buildSettings = {
				BUNDLE_LOADER = "$(BUILT_PRODUCTS_DIR)/EVEApi Beta.app/Contents/MacOS/EVEApi Beta";
				COMBINE_HIDPI_IMAGES = YES;
				FRAMEWORK_SEARCH_PATHS = (
					"$(DEVELOPER_FRAMEWORKS_DIR)",
					"$(inherited)",
				);
				GCC_PRECOMPILE_PREFIX_HEADER = YES;
				GCC_PREFIX_HEADER = "EVEApi Beta/EVEApi Beta-Prefix.pch";
				GCC_PREPROCESSOR_DEFINITIONS = (
					"DEBUG=1",
					"$(inherited)",
				);
				INFOPLIST_FILE = "EVEApi BetaTests/EVEApi BetaTests-Info.plist";
				PRODUCT_NAME = "$(TARGET_NAME)";
				TEST_HOST = "$(BUNDLE_LOADER)";
				WRAPPER_EXTENSION = xctest;
			};
			name = Debug;
		};
		CD6CE99318B5C08300E66CC9 /* Release */ = {
			isa = XCBuildConfiguration;
			buildSettings = {
				BUNDLE_LOADER = "$(BUILT_PRODUCTS_DIR)/EVEApi Beta.app/Contents/MacOS/EVEApi Beta";
				COMBINE_HIDPI_IMAGES = YES;
				FRAMEWORK_SEARCH_PATHS = (
					"$(DEVELOPER_FRAMEWORKS_DIR)",
					"$(inherited)",
				);
				GCC_PRECOMPILE_PREFIX_HEADER = YES;
				GCC_PREFIX_HEADER = "EVEApi Beta/EVEApi Beta-Prefix.pch";
				INFOPLIST_FILE = "EVEApi BetaTests/EVEApi BetaTests-Info.plist";
				PRODUCT_NAME = "$(TARGET_NAME)";
				TEST_HOST = "$(BUNDLE_LOADER)";
				WRAPPER_EXTENSION = xctest;
			};
			name = Release;
		};
/* End XCBuildConfiguration section */

/* Begin XCConfigurationList section */
		CD6CE95518B5C08300E66CC9 /* Build configuration list for PBXProject "EVEApi Beta" */ = {
			isa = XCConfigurationList;
			buildConfigurations = (
				CD6CE98C18B5C08300E66CC9 /* Debug */,
				CD6CE98D18B5C08300E66CC9 /* Release */,
			);
			defaultConfigurationIsVisible = 0;
			defaultConfigurationName = Release;
		};
		CD6CE98E18B5C08300E66CC9 /* Build configuration list for PBXNativeTarget "EVEApi Beta" */ = {
			isa = XCConfigurationList;
			buildConfigurations = (
				CD6CE98F18B5C08300E66CC9 /* Debug */,
				CD6CE99018B5C08300E66CC9 /* Release */,
			);
			defaultConfigurationIsVisible = 0;
			defaultConfigurationName = Release;
		};
		CD6CE99118B5C08300E66CC9 /* Build configuration list for PBXNativeTarget "EVEApi BetaTests" */ = {
			isa = XCConfigurationList;
			buildConfigurations = (
				CD6CE99218B5C08300E66CC9 /* Debug */,
				CD6CE99318B5C08300E66CC9 /* Release */,
			);
			defaultConfigurationIsVisible = 0;
			defaultConfigurationName = Release;
		};
/* End XCConfigurationList section */

/* Begin XCVersionGroup section */
		CD6CE97518B5C08300E66CC9 /* EVEApi_Beta.xcdatamodeld */ = {
			isa = XCVersionGroup;
			children = (
				CD6CE97618B5C08300E66CC9 /* EVEApi_Beta.xcdatamodel */,
			);
			currentVersion = CD6CE97618B5C08300E66CC9 /* EVEApi_Beta.xcdatamodel */;
			path = EVEApi_Beta.xcdatamodeld;
			sourceTree = "<group>";
			versionGroupType = wrapper.xcdatamodel;
		};
/* End XCVersionGroup section */
	};
	rootObject = CD6CE95218B5C08300E66CC9 /* Project object */;
}
